Microsoft Visual Studio Solution File, Format Version 12.00
# Visual Studio 15
VisualStudioVersion = 15.0.26124.0
MinimumVisualStudioVersion = 15.0.26124.0
Project("{9A19103F-16F7-4668-BE54-9A1E7A4F7556}") = "Web API", "..\Web API\Web API.csproj", "{9C97CC74-B744-473B-8FA0-7BCCD68A51A4}"
EndProject
Project("{9A19103F-16F7-4668-BE54-9A1E7A4F7556}") = "DarkBond.Common", "..\..\DarkBond.Common\DarkBond.Common.csproj", "{A2CC5371-F956-44D4-B208-501F44594965}"
EndProject
Project("{9A19103F-16F7-4668-BE54-9A1E7A4F7556}") = "DarkBond.ClientModel", "..\..\DarkBond.ClientModel\DarkBond.ClientModel.csproj", "{6F704886-4ED9-43C6-A461-7DC6BF8B3B47}"
EndProject
Project("{9A19103F-16F7-4668-BE54-9A1E7A4F7556}") = "DarkBond.ServiceModel", "..\..\DarkBond.ServiceModel\DarkBond.ServiceModel.csproj", "{6DED5694-7EC7-4C68-ADAB-809BE347946E}"
EndProject
Project("{9A19103F-16F7-4668-BE54-9A1E7A4F7556}") = "DarkBond.LicenseManager.Common", "..\DarkBond.LicenseManager.Common\DarkBond.LicenseManager.Common.csproj", "{E08D5060-3B24-4B14-B0FB-038ABEAE2A63}"
EndProject
Project("{9A19103F-16F7-4668-BE54-9A1E7A4F7556}") = "DarkBond.LicenseManager.DataService", "..\DarkBond.LicenseManager.DataService\DarkBond.LicenseManager.DataService.csproj", "{660017F3-40C4-415B-AC3D-840C941345C4}"
EndProject
Project("{9A19103F-16F7-4668-BE54-9A1E7A4F7556}") = "DarkBond.LicenseManager.ImportService", "..\DarkBond.LicenseManager.ImportService\DarkBond.LicenseManager.ImportService.csproj", "{EE8A6B8D-B725-4D5F-9448-DFB7CBE95908}"
EndProject
Project("{9A19103F-16F7-4668-BE54-9A1E7A4F7556}") = "DarkBond.LicenseManager.ServerDataModel", "..\DarkBond.LicenseManager.ServerDataModel\DarkBond.LicenseManager.ServerDataModel.csproj", "{3F5EBC57-A2C3-4D0E-8BD7-E599BDB65A49}"
EndProject
Project("{FAE04EC0-301F-11D3-BF4B-00C04F79EFBC}") = "DarkBond.LicenseManager.DataModelTests", "..\DarkBond.LicenseManager.DataModelTests\DarkBond.LicenseManager.DataModelTests.csproj", "{B3806AB2-DC89-4375-BBB8-C5117A5739AD}"
EndProject
Project("{FAE04EC0-301F-11D3-BF4B-00C04F79EFBC}") = "DarkBond.LicenseManager.PersistentStore", "..\DarkBond.LicenseManager.PersistentStore\DarkBond.LicenseManager.PersistentStore.csproj", "{8E67E826-9176-4A1C-B516-DC4F6526D078}"
EndProject
Global
	GlobalSection(SolutionConfigurationPlatforms) = preSolution
		Debug|Any CPU = Debug|Any CPU
		Debug|x64 = Debug|x64
		Debug|x86 = Debug|x86
		Development|Any CPU = Development|Any CPU
		Development|x64 = Development|x64
		Development|x86 = Development|x86
		Production|Any CPU = Production|Any CPU
		Production|x64 = Production|x64
		Production|x86 = Production|x86
		Release|Any CPU = Release|Any CPU
		Release|x64 = Release|x64
		Release|x86 = Release|x86
		Staging|Any CPU = Staging|Any CPU
		Staging|x64 = Staging|x64
		Staging|x86 = Staging|x86
	EndGlobalSection
	GlobalSection(ProjectConfigurationPlatforms) = postSolution
		{9C97CC74-B744-473B-8FA0-7BCCD68A51A4}.Debug|Any CPU.ActiveCfg = Debug|Any CPU
		{9C97CC74-B744-473B-8FA0-7BCCD68A51A4}.Debug|Any CPU.Build.0 = Debug|Any CPU
		{9C97CC74-B744-473B-8FA0-7BCCD68A51A4}.Debug|x64.ActiveCfg = Debug|Any CPU
		{9C97CC74-B744-473B-8FA0-7BCCD68A51A4}.Debug|x64.Build.0 = Debug|Any CPU
		{9C97CC74-B744-473B-8FA0-7BCCD68A51A4}.Debug|x86.ActiveCfg = Debug|Any CPU
		{9C97CC74-B744-473B-8FA0-7BCCD68A51A4}.Debug|x86.Build.0 = Debug|Any CPU
		{9C97CC74-B744-473B-8FA0-7BCCD68A51A4}.Development|Any CPU.ActiveCfg = Debug|Any CPU
		{9C97CC74-B744-473B-8FA0-7BCCD68A51A4}.Development|Any CPU.Build.0 = Debug|Any CPU
		{9C97CC74-B744-473B-8FA0-7BCCD68A51A4}.Development|x64.ActiveCfg = Debug|Any CPU
		{9C97CC74-B744-473B-8FA0-7BCCD68A51A4}.Development|x64.Build.0 = Debug|Any CPU
		{9C97CC74-B744-473B-8FA0-7BCCD68A51A4}.Development|x86.ActiveCfg = Debug|Any CPU
		{9C97CC74-B744-473B-8FA0-7BCCD68A51A4}.Development|x86.Build.0 = Debug|Any CPU
		{9C97CC74-B744-473B-8FA0-7BCCD68A51A4}.Production|Any CPU.ActiveCfg = Release|Any CPU
		{9C97CC74-B744-473B-8FA0-7BCCD68A51A4}.Production|x64.ActiveCfg = Release|Any CPU
		{9C97CC74-B744-473B-8FA0-7BCCD68A51A4}.Production|x86.ActiveCfg = Release|Any CPU
		{9C97CC74-B744-473B-8FA0-7BCCD68A51A4}.Release|Any CPU.ActiveCfg = Release|Any CPU
		{9C97CC74-B744-473B-8FA0-7BCCD68A51A4}.Release|Any CPU.Build.0 = Release|Any CPU
		{9C97CC74-B744-473B-8FA0-7BCCD68A51A4}.Release|x64.ActiveCfg = Release|Any CPU
		{9C97CC74-B744-473B-8FA0-7BCCD68A51A4}.Release|x64.Build.0 = Release|Any CPU
		{9C97CC74-B744-473B-8FA0-7BCCD68A51A4}.Release|x86.ActiveCfg = Release|Any CPU
		{9C97CC74-B744-473B-8FA0-7BCCD68A51A4}.Release|x86.Build.0 = Release|Any CPU
		{9C97CC74-B744-473B-8FA0-7BCCD68A51A4}.Staging|Any CPU.ActiveCfg = Release|Any CPU
		{9C97CC74-B744-473B-8FA0-7BCCD68A51A4}.Staging|x64.ActiveCfg = Release|Any CPU
		{9C97CC74-B744-473B-8FA0-7BCCD68A51A4}.Staging|x86.ActiveCfg = Release|Any CPU
		{A2CC5371-F956-44D4-B208-501F44594965}.Debug|Any CPU.ActiveCfg = Development|Any CPU
		{A2CC5371-F956-44D4-B208-501F44594965}.Debug|Any CPU.Build.0 = Development|Any CPU
		{A2CC5371-F956-44D4-B208-501F44594965}.Debug|x64.ActiveCfg = Development|Any CPU
		{A2CC5371-F956-44D4-B208-501F44594965}.Debug|x64.Build.0 = Development|Any CPU
		{A2CC5371-F956-44D4-B208-501F44594965}.Debug|x86.ActiveCfg = Development|Any CPU
		{A2CC5371-F956-44D4-B208-501F44594965}.Debug|x86.Build.0 = Development|Any CPU
		{A2CC5371-F956-44D4-B208-501F44594965}.Development|Any CPU.ActiveCfg = Development|Any CPU
		{A2CC5371-F956-44D4-B208-501F44594965}.Development|Any CPU.Build.0 = Development|Any CPU
		{A2CC5371-F956-44D4-B208-501F44594965}.Development|x64.ActiveCfg = Development|Any CPU
		{A2CC5371-F956-44D4-B208-501F44594965}.Development|x64.Build.0 = Development|Any CPU
		{A2CC5371-F956-44D4-B208-501F44594965}.Development|x86.ActiveCfg = Development|Any CPU
		{A2CC5371-F956-44D4-B208-501F44594965}.Development|x86.Build.0 = Development|Any CPU
		{A2CC5371-F956-44D4-B208-501F44594965}.Production|Any CPU.ActiveCfg = Release|Any CPU
		{A2CC5371-F956-44D4-B208-501F44594965}.Production|Any CPU.Build.0 = Release|Any CPU
		{A2CC5371-F956-44D4-B208-501F44594965}.Production|x64.ActiveCfg = Release|Any CPU
		{A2CC5371-F956-44D4-B208-501F44594965}.Production|x64.Build.0 = Release|Any CPU
		{A2CC5371-F956-44D4-B208-501F44594965}.Production|x86.ActiveCfg = Release|Any CPU
		{A2CC5371-F956-44D4-B208-501F44594965}.Production|x86.Build.0 = Release|Any CPU
		{A2CC5371-F956-44D4-B208-501F44594965}.Release|Any CPU.ActiveCfg = Release|Any CPU
		{A2CC5371-F956-44D4-B208-501F44594965}.Release|Any CPU.Build.0 = Release|Any CPU
		{A2CC5371-F956-44D4-B208-501F44594965}.Release|x64.ActiveCfg = Release|Any CPU
		{A2CC5371-F956-44D4-B208-501F44594965}.Release|x64.Build.0 = Release|Any CPU
		{A2CC5371-F956-44D4-B208-501F44594965}.Release|x86.ActiveCfg = Release|Any CPU
		{A2CC5371-F956-44D4-B208-501F44594965}.Release|x86.Build.0 = Release|Any CPU
		{A2CC5371-F956-44D4-B208-501F44594965}.Staging|Any CPU.ActiveCfg = Release|Any CPU
		{A2CC5371-F956-44D4-B208-501F44594965}.Staging|Any CPU.Build.0 = Release|Any CPU
		{A2CC5371-F956-44D4-B208-501F44594965}.Staging|x64.ActiveCfg = Release|Any CPU
		{A2CC5371-F956-44D4-B208-501F44594965}.Staging|x64.Build.0 = Release|Any CPU
		{A2CC5371-F956-44D4-B208-501F44594965}.Staging|x86.ActiveCfg = Release|Any CPU
		{A2CC5371-F956-44D4-B208-501F44594965}.Staging|x86.Build.0 = Release|Any CPU
		{6F704886-4ED9-43C6-A461-7DC6BF8B3B47}.Debug|Any CPU.ActiveCfg = Development|Any CPU
		{6F704886-4ED9-43C6-A461-7DC6BF8B3B47}.Debug|Any CPU.Build.0 = Development|Any CPU
		{6F704886-4ED9-43C6-A461-7DC6BF8B3B47}.Debug|x64.ActiveCfg = Development|Any CPU
		{6F704886-4ED9-43C6-A461-7DC6BF8B3B47}.Debug|x64.Build.0 = Development|Any CPU
		{6F704886-4ED9-43C6-A461-7DC6BF8B3B47}.Debug|x86.ActiveCfg = Development|Any CPU
		{6F704886-4ED9-43C6-A461-7DC6BF8B3B47}.Debug|x86.Build.0 = Development|Any CPU
		{6F704886-4ED9-43C6-A461-7DC6BF8B3B47}.Development|Any CPU.ActiveCfg = Development|Any CPU
		{6F704886-4ED9-43C6-A461-7DC6BF8B3B47}.Development|Any CPU.Build.0 = Development|Any CPU
		{6F704886-4ED9-43C6-A461-7DC6BF8B3B47}.Development|x64.ActiveCfg = Development|Any CPU
		{6F704886-4ED9-43C6-A461-7DC6BF8B3B47}.Development|x64.Build.0 = Development|Any CPU
		{6F704886-4ED9-43C6-A461-7DC6BF8B3B47}.Development|x86.ActiveCfg = Development|Any CPU
		{6F704886-4ED9-43C6-A461-7DC6BF8B3B47}.Development|x86.Build.0 = Development|Any CPU
		{6F704886-4ED9-43C6-A461-7DC6BF8B3B47}.Production|Any CPU.ActiveCfg = Production|Any CPU
		{6F704886-4ED9-43C6-A461-7DC6BF8B3B47}.Production|Any CPU.Build.0 = Production|Any CPU
		{6F704886-4ED9-43C6-A461-7DC6BF8B3B47}.Production|x64.ActiveCfg = Production|Any CPU
		{6F704886-4ED9-43C6-A461-7DC6BF8B3B47}.Production|x64.Build.0 = Production|Any CPU
		{6F704886-4ED9-43C6-A461-7DC6BF8B3B47}.Production|x86.ActiveCfg = Production|Any CPU
		{6F704886-4ED9-43C6-A461-7DC6BF8B3B47}.Production|x86.Build.0 = Production|Any CPU
		{6F704886-4ED9-43C6-A461-7DC6BF8B3B47}.Release|Any CPU.ActiveCfg = Production|Any CPU
		{6F704886-4ED9-43C6-A461-7DC6BF8B3B47}.Release|Any CPU.Build.0 = Production|Any CPU
		{6F704886-4ED9-43C6-A461-7DC6BF8B3B47}.Release|x64.ActiveCfg = Production|Any CPU
		{6F704886-4ED9-43C6-A461-7DC6BF8B3B47}.Release|x64.Build.0 = Production|Any CPU
		{6F704886-4ED9-43C6-A461-7DC6BF8B3B47}.Release|x86.ActiveCfg = Production|Any CPU
		{6F704886-4ED9-43C6-A461-7DC6BF8B3B47}.Release|x86.Build.0 = Production|Any CPU
		{6F704886-4ED9-43C6-A461-7DC6BF8B3B47}.Staging|Any CPU.ActiveCfg = Staging|Any CPU
		{6F704886-4ED9-43C6-A461-7DC6BF8B3B47}.Staging|Any CPU.Build.0 = Staging|Any CPU
		{6F704886-4ED9-43C6-A461-7DC6BF8B3B47}.Staging|x64.ActiveCfg = Staging|Any CPU
		{6F704886-4ED9-43C6-A461-7DC6BF8B3B47}.Staging|x64.Build.0 = Staging|Any CPU
		{6F704886-4ED9-43C6-A461-7DC6BF8B3B47}.Staging|x86.ActiveCfg = Staging|Any CPU
		{6F704886-4ED9-43C6-A461-7DC6BF8B3B47}.Staging|x86.Build.0 = Staging|Any CPU
		{6DED5694-7EC7-4C68-ADAB-809BE347946E}.Debug|Any CPU.ActiveCfg = Debug|Any CPU
		{6DED5694-7EC7-4C68-ADAB-809BE347946E}.Debug|Any CPU.Build.0 = Debug|Any CPU
		{6DED5694-7EC7-4C68-ADAB-809BE347946E}.Debug|x64.ActiveCfg = Debug|Any CPU
		{6DED5694-7EC7-4C68-ADAB-809BE347946E}.Debug|x64.Build.0 = Debug|Any CPU
		{6DED5694-7EC7-4C68-ADAB-809BE347946E}.Debug|x86.ActiveCfg = Debug|Any CPU
		{6DED5694-7EC7-4C68-ADAB-809BE347946E}.Debug|x86.Build.0 = Debug|Any CPU
		{6DED5694-7EC7-4C68-ADAB-809BE347946E}.Development|Any CPU.ActiveCfg = Development|Any CPU
		{6DED5694-7EC7-4C68-ADAB-809BE347946E}.Development|Any CPU.Build.0 = Development|Any CPU
		{6DED5694-7EC7-4C68-ADAB-809BE347946E}.Development|x64.ActiveCfg = Development|Any CPU
		{6DED5694-7EC7-4C68-ADAB-809BE347946E}.Development|x64.Build.0 = Development|Any CPU
		{6DED5694-7EC7-4C68-ADAB-809BE347946E}.Development|x86.ActiveCfg = Development|Any CPU
		{6DED5694-7EC7-4C68-ADAB-809BE347946E}.Development|x86.Build.0 = Development|Any CPU
		{6DED5694-7EC7-4C68-ADAB-809BE347946E}.Production|Any CPU.ActiveCfg = Release|Any CPU
		{6DED5694-7EC7-4C68-ADAB-809BE347946E}.Production|Any CPU.Build.0 = Release|Any CPU
		{6DED5694-7EC7-4C68-ADAB-809BE347946E}.Production|x64.ActiveCfg = Release|Any CPU
		{6DED5694-7EC7-4C68-ADAB-809BE347946E}.Production|x64.Build.0 = Release|Any CPU
		{6DED5694-7EC7-4C68-ADAB-809BE347946E}.Production|x86.ActiveCfg = Release|Any CPU
		{6DED5694-7EC7-4C68-ADAB-809BE347946E}.Production|x86.Build.0 = Release|Any CPU
		{6DED5694-7EC7-4C68-ADAB-809BE347946E}.Release|Any CPU.ActiveCfg = Release|Any CPU
		{6DED5694-7EC7-4C68-ADAB-809BE347946E}.Release|Any CPU.Build.0 = Release|Any CPU
		{6DED5694-7EC7-4C68-ADAB-809BE347946E}.Release|x64.ActiveCfg = Release|Any CPU
		{6DED5694-7EC7-4C68-ADAB-809BE347946E}.Release|x64.Build.0 = Release|Any CPU
		{6DED5694-7EC7-4C68-ADAB-809BE347946E}.Release|x86.ActiveCfg = Release|Any CPU
		{6DED5694-7EC7-4C68-ADAB-809BE347946E}.Release|x86.Build.0 = Release|Any CPU
		{6DED5694-7EC7-4C68-ADAB-809BE347946E}.Staging|Any CPU.ActiveCfg = Release|Any CPU
		{6DED5694-7EC7-4C68-ADAB-809BE347946E}.Staging|Any CPU.Build.0 = Release|Any CPU
		{6DED5694-7EC7-4C68-ADAB-809BE347946E}.Staging|x64.ActiveCfg = Release|Any CPU
		{6DED5694-7EC7-4C68-ADAB-809BE347946E}.Staging|x64.Build.0 = Release|Any CPU
		{6DED5694-7EC7-4C68-ADAB-809BE347946E}.Staging|x86.ActiveCfg = Release|Any CPU
		{6DED5694-7EC7-4C68-ADAB-809BE347946E}.Staging|x86.Build.0 = Release|Any CPU
		{E08D5060-3B24-4B14-B0FB-038ABEAE2A63}.Debug|Any CPU.ActiveCfg = Debug|Any CPU
		{E08D5060-3B24-4B14-B0FB-038ABEAE2A63}.Debug|Any CPU.Build.0 = Debug|Any CPU
		{E08D5060-3B24-4B14-B0FB-038ABEAE2A63}.Debug|x64.ActiveCfg = Debug|Any CPU
		{E08D5060-3B24-4B14-B0FB-038ABEAE2A63}.Debug|x64.Build.0 = Debug|Any CPU
		{E08D5060-3B24-4B14-B0FB-038ABEAE2A63}.Debug|x86.ActiveCfg = Debug|Any CPU
		{E08D5060-3B24-4B14-B0FB-038ABEAE2A63}.Debug|x86.Build.0 = Debug|Any CPU
		{E08D5060-3B24-4B14-B0FB-038ABEAE2A63}.Development|Any CPU.ActiveCfg = Development|Any CPU
		{E08D5060-3B24-4B14-B0FB-038ABEAE2A63}.Development|Any CPU.Build.0 = Development|Any CPU
		{E08D5060-3B24-4B14-B0FB-038ABEAE2A63}.Development|x64.ActiveCfg = Development|Any CPU
		{E08D5060-3B24-4B14-B0FB-038ABEAE2A63}.Development|x64.Build.0 = Development|Any CPU
		{E08D5060-3B24-4B14-B0FB-038ABEAE2A63}.Development|x86.ActiveCfg = Development|Any CPU
		{E08D5060-3B24-4B14-B0FB-038ABEAE2A63}.Development|x86.Build.0 = Development|Any CPU
		{E08D5060-3B24-4B14-B0FB-038ABEAE2A63}.Production|Any CPU.ActiveCfg = Release|Any CPU
		{E08D5060-3B24-4B14-B0FB-038ABEAE2A63}.Production|Any CPU.Build.0 = Release|Any CPU
		{E08D5060-3B24-4B14-B0FB-038ABEAE2A63}.Production|x64.ActiveCfg = Release|Any CPU
		{E08D5060-3B24-4B14-B0FB-038ABEAE2A63}.Production|x64.Build.0 = Release|Any CPU
		{E08D5060-3B24-4B14-B0FB-038ABEAE2A63}.Production|x86.ActiveCfg = Release|Any CPU
		{E08D5060-3B24-4B14-B0FB-038ABEAE2A63}.Production|x86.Build.0 = Release|Any CPU
		{E08D5060-3B24-4B14-B0FB-038ABEAE2A63}.Release|Any CPU.ActiveCfg = Release|Any CPU
		{E08D5060-3B24-4B14-B0FB-038ABEAE2A63}.Release|Any CPU.Build.0 = Release|Any CPU
		{E08D5060-3B24-4B14-B0FB-038ABEAE2A63}.Release|x64.ActiveCfg = Release|Any CPU
		{E08D5060-3B24-4B14-B0FB-038ABEAE2A63}.Release|x64.Build.0 = Release|Any CPU
		{E08D5060-3B24-4B14-B0FB-038ABEAE2A63}.Release|x86.ActiveCfg = Release|Any CPU
		{E08D5060-3B24-4B14-B0FB-038ABEAE2A63}.Release|x86.Build.0 = Release|Any CPU
		{E08D5060-3B24-4B14-B0FB-038ABEAE2A63}.Staging|Any CPU.ActiveCfg = Release|Any CPU
		{E08D5060-3B24-4B14-B0FB-038ABEAE2A63}.Staging|Any CPU.Build.0 = Release|Any CPU
		{E08D5060-3B24-4B14-B0FB-038ABEAE2A63}.Staging|x64.ActiveCfg = Release|Any CPU
		{E08D5060-3B24-4B14-B0FB-038ABEAE2A63}.Staging|x64.Build.0 = Release|Any CPU
		{E08D5060-3B24-4B14-B0FB-038ABEAE2A63}.Staging|x86.ActiveCfg = Release|Any CPU
		{E08D5060-3B24-4B14-B0FB-038ABEAE2A63}.Staging|x86.Build.0 = Release|Any CPU
		{660017F3-40C4-415B-AC3D-840C941345C4}.Debug|Any CPU.ActiveCfg = Debug|Any CPU
		{660017F3-40C4-415B-AC3D-840C941345C4}.Debug|Any CPU.Build.0 = Debug|Any CPU
		{660017F3-40C4-415B-AC3D-840C941345C4}.Debug|x64.ActiveCfg = Debug|Any CPU
		{660017F3-40C4-415B-AC3D-840C941345C4}.Debug|x64.Build.0 = Debug|Any CPU
		{660017F3-40C4-415B-AC3D-840C941345C4}.Debug|x86.ActiveCfg = Debug|Any CPU
		{660017F3-40C4-415B-AC3D-840C941345C4}.Debug|x86.Build.0 = Debug|Any CPU
		{660017F3-40C4-415B-AC3D-840C941345C4}.Development|Any CPU.ActiveCfg = Development|Any CPU
		{660017F3-40C4-415B-AC3D-840C941345C4}.Development|Any CPU.Build.0 = Development|Any CPU
		{660017F3-40C4-415B-AC3D-840C941345C4}.Development|x64.ActiveCfg = Development|Any CPU
		{660017F3-40C4-415B-AC3D-840C941345C4}.Development|x64.Build.0 = Development|Any CPU
		{660017F3-40C4-415B-AC3D-840C941345C4}.Development|x86.ActiveCfg = Development|Any CPU
		{660017F3-40C4-415B-AC3D-840C941345C4}.Development|x86.Build.0 = Development|Any CPU
		{660017F3-40C4-415B-AC3D-840C941345C4}.Production|Any CPU.ActiveCfg = Release|Any CPU
		{660017F3-40C4-415B-AC3D-840C941345C4}.Production|Any CPU.Build.0 = Release|Any CPU
		{660017F3-40C4-415B-AC3D-840C941345C4}.Production|x64.ActiveCfg = Release|Any CPU
		{660017F3-40C4-415B-AC3D-840C941345C4}.Production|x64.Build.0 = Release|Any CPU
		{660017F3-40C4-415B-AC3D-840C941345C4}.Production|x86.ActiveCfg = Release|Any CPU
		{660017F3-40C4-415B-AC3D-840C941345C4}.Production|x86.Build.0 = Release|Any CPU
		{660017F3-40C4-415B-AC3D-840C941345C4}.Release|Any CPU.ActiveCfg = Release|Any CPU
		{660017F3-40C4-415B-AC3D-840C941345C4}.Release|Any CPU.Build.0 = Release|Any CPU
		{660017F3-40C4-415B-AC3D-840C941345C4}.Release|x64.ActiveCfg = Release|Any CPU
		{660017F3-40C4-415B-AC3D-840C941345C4}.Release|x64.Build.0 = Release|Any CPU
		{660017F3-40C4-415B-AC3D-840C941345C4}.Release|x86.ActiveCfg = Release|Any CPU
		{660017F3-40C4-415B-AC3D-840C941345C4}.Release|x86.Build.0 = Release|Any CPU
		{660017F3-40C4-415B-AC3D-840C941345C4}.Staging|Any CPU.ActiveCfg = Release|Any CPU
		{660017F3-40C4-415B-AC3D-840C941345C4}.Staging|Any CPU.Build.0 = Release|Any CPU
		{660017F3-40C4-415B-AC3D-840C941345C4}.Staging|x64.ActiveCfg = Release|Any CPU
		{660017F3-40C4-415B-AC3D-840C941345C4}.Staging|x64.Build.0 = Release|Any CPU
		{660017F3-40C4-415B-AC3D-840C941345C4}.Staging|x86.ActiveCfg = Release|Any CPU
		{660017F3-40C4-415B-AC3D-840C941345C4}.Staging|x86.Build.0 = Release|Any CPU
		{EE8A6B8D-B725-4D5F-9448-DFB7CBE95908}.Debug|Any CPU.ActiveCfg = Debug|Any CPU
		{EE8A6B8D-B725-4D5F-9448-DFB7CBE95908}.Debug|Any CPU.Build.0 = Debug|Any CPU
		{EE8A6B8D-B725-4D5F-9448-DFB7CBE95908}.Debug|x64.ActiveCfg = Debug|Any CPU
		{EE8A6B8D-B725-4D5F-9448-DFB7CBE95908}.Debug|x64.Build.0 = Debug|Any CPU
		{EE8A6B8D-B725-4D5F-9448-DFB7CBE95908}.Debug|x86.ActiveCfg = Debug|Any CPU
		{EE8A6B8D-B725-4D5F-9448-DFB7CBE95908}.Debug|x86.Build.0 = Debug|Any CPU
		{EE8A6B8D-B725-4D5F-9448-DFB7CBE95908}.Development|Any CPU.ActiveCfg = Development|Any CPU
		{EE8A6B8D-B725-4D5F-9448-DFB7CBE95908}.Development|Any CPU.Build.0 = Development|Any CPU
		{EE8A6B8D-B725-4D5F-9448-DFB7CBE95908}.Development|x64.ActiveCfg = Development|Any CPU
		{EE8A6B8D-B725-4D5F-9448-DFB7CBE95908}.Development|x64.Build.0 = Development|Any CPU
		{EE8A6B8D-B725-4D5F-9448-DFB7CBE95908}.Development|x86.ActiveCfg = Development|Any CPU
		{EE8A6B8D-B725-4D5F-9448-DFB7CBE95908}.Development|x86.Build.0 = Development|Any CPU
		{EE8A6B8D-B725-4D5F-9448-DFB7CBE95908}.Production|Any CPU.ActiveCfg = Release|Any CPU
		{EE8A6B8D-B725-4D5F-9448-DFB7CBE95908}.Production|Any CPU.Build.0 = Release|Any CPU
		{EE8A6B8D-B725-4D5F-9448-DFB7CBE95908}.Production|x64.ActiveCfg = Release|Any CPU
		{EE8A6B8D-B725-4D5F-9448-DFB7CBE95908}.Production|x64.Build.0 = Release|Any CPU
		{EE8A6B8D-B725-4D5F-9448-DFB7CBE95908}.Production|x86.ActiveCfg = Release|Any CPU
		{EE8A6B8D-B725-4D5F-9448-DFB7CBE95908}.Production|x86.Build.0 = Release|Any CPU
		{EE8A6B8D-B725-4D5F-9448-DFB7CBE95908}.Release|Any CPU.ActiveCfg = Release|Any CPU
		{EE8A6B8D-B725-4D5F-9448-DFB7CBE95908}.Release|Any CPU.Build.0 = Release|Any CPU
		{EE8A6B8D-B725-4D5F-9448-DFB7CBE95908}.Release|x64.ActiveCfg = Release|Any CPU
		{EE8A6B8D-B725-4D5F-9448-DFB7CBE95908}.Release|x64.Build.0 = Release|Any CPU
		{EE8A6B8D-B725-4D5F-9448-DFB7CBE95908}.Release|x86.ActiveCfg = Release|Any CPU
		{EE8A6B8D-B725-4D5F-9448-DFB7CBE95908}.Release|x86.Build.0 = Release|Any CPU
		{EE8A6B8D-B725-4D5F-9448-DFB7CBE95908}.Staging|Any CPU.ActiveCfg = Release|Any CPU
		{EE8A6B8D-B725-4D5F-9448-DFB7CBE95908}.Staging|Any CPU.Build.0 = Release|Any CPU
		{EE8A6B8D-B725-4D5F-9448-DFB7CBE95908}.Staging|x64.ActiveCfg = Release|Any CPU
		{EE8A6B8D-B725-4D5F-9448-DFB7CBE95908}.Staging|x64.Build.0 = Release|Any CPU
		{EE8A6B8D-B725-4D5F-9448-DFB7CBE95908}.Staging|x86.ActiveCfg = Release|Any CPU
		{EE8A6B8D-B725-4D5F-9448-DFB7CBE95908}.Staging|x86.Build.0 = Release|Any CPU
		{3F5EBC57-A2C3-4D0E-8BD7-E599BDB65A49}.Debug|Any CPU.ActiveCfg = Debug|Any CPU
		{3F5EBC57-A2C3-4D0E-8BD7-E599BDB65A49}.Debug|Any CPU.Build.0 = Debug|Any CPU
		{3F5EBC57-A2C3-4D0E-8BD7-E599BDB65A49}.Debug|x64.ActiveCfg = Debug|Any CPU
		{3F5EBC57-A2C3-4D0E-8BD7-E599BDB65A49}.Debug|x64.Build.0 = Debug|Any CPU
		{3F5EBC57-A2C3-4D0E-8BD7-E599BDB65A49}.Debug|x86.ActiveCfg = Debug|Any CPU
		{3F5EBC57-A2C3-4D0E-8BD7-E599BDB65A49}.Debug|x86.Build.0 = Debug|Any CPU
		{3F5EBC57-A2C3-4D0E-8BD7-E599BDB65A49}.Development|Any CPU.ActiveCfg = Development|Any CPU
		{3F5EBC57-A2C3-4D0E-8BD7-E599BDB65A49}.Development|Any CPU.Build.0 = Development|Any CPU
		{3F5EBC57-A2C3-4D0E-8BD7-E599BDB65A49}.Development|x64.ActiveCfg = Development|Any CPU
		{3F5EBC57-A2C3-4D0E-8BD7-E599BDB65A49}.Development|x64.Build.0 = Development|Any CPU
		{3F5EBC57-A2C3-4D0E-8BD7-E599BDB65A49}.Development|x86.ActiveCfg = Development|Any CPU
		{3F5EBC57-A2C3-4D0E-8BD7-E599BDB65A49}.Development|x86.Build.0 = Development|Any CPU
		{3F5EBC57-A2C3-4D0E-8BD7-E599BDB65A49}.Production|Any CPU.ActiveCfg = Release|Any CPU
		{3F5EBC57-A2C3-4D0E-8BD7-E599BDB65A49}.Production|Any CPU.Build.0 = Release|Any CPU
		{3F5EBC57-A2C3-4D0E-8BD7-E599BDB65A49}.Production|x64.ActiveCfg = Release|Any CPU
		{3F5EBC57-A2C3-4D0E-8BD7-E599BDB65A49}.Production|x64.Build.0 = Release|Any CPU
		{3F5EBC57-A2C3-4D0E-8BD7-E599BDB65A49}.Production|x86.ActiveCfg = Release|Any CPU
		{3F5EBC57-A2C3-4D0E-8BD7-E599BDB65A49}.Production|x86.Build.0 = Release|Any CPU
		{3F5EBC57-A2C3-4D0E-8BD7-E599BDB65A49}.Release|Any CPU.ActiveCfg = Release|Any CPU
		{3F5EBC57-A2C3-4D0E-8BD7-E599BDB65A49}.Release|Any CPU.Build.0 = Release|Any CPU
		{3F5EBC57-A2C3-4D0E-8BD7-E599BDB65A49}.Release|x64.ActiveCfg = Release|Any CPU
		{3F5EBC57-A2C3-4D0E-8BD7-E599BDB65A49}.Release|x64.Build.0 = Release|Any CPU
		{3F5EBC57-A2C3-4D0E-8BD7-E599BDB65A49}.Release|x86.ActiveCfg = Release|Any CPU
		{3F5EBC57-A2C3-4D0E-8BD7-E599BDB65A49}.Release|x86.Build.0 = Release|Any CPU
		{3F5EBC57-A2C3-4D0E-8BD7-E599BDB65A49}.Staging|Any CPU.ActiveCfg = Release|Any CPU
		{3F5EBC57-A2C3-4D0E-8BD7-E599BDB65A49}.Staging|Any CPU.Build.0 = Release|Any CPU
		{3F5EBC57-A2C3-4D0E-8BD7-E599BDB65A49}.Staging|x64.ActiveCfg = Release|Any CPU
		{3F5EBC57-A2C3-4D0E-8BD7-E599BDB65A49}.Staging|x64.Build.0 = Release|Any CPU
		{3F5EBC57-A2C3-4D0E-8BD7-E599BDB65A49}.Staging|x86.ActiveCfg = Release|Any CPU
		{3F5EBC57-A2C3-4D0E-8BD7-E599BDB65A49}.Staging|x86.Build.0 = Release|Any CPU
		{B3806AB2-DC89-4375-BBB8-C5117A5739AD}.Debug|Any CPU.ActiveCfg = Development|Any CPU
		{B3806AB2-DC89-4375-BBB8-C5117A5739AD}.Debug|Any CPU.Build.0 = Development|Any CPU
		{B3806AB2-DC89-4375-BBB8-C5117A5739AD}.Debug|x64.ActiveCfg = Development|Any CPU
		{B3806AB2-DC89-4375-BBB8-C5117A5739AD}.Debug|x64.Build.0 = Development|Any CPU
		{B3806AB2-DC89-4375-BBB8-C5117A5739AD}.Debug|x86.ActiveCfg = Development|Any CPU
		{B3806AB2-DC89-4375-BBB8-C5117A5739AD}.Debug|x86.Build.0 = Development|Any CPU
		{B3806AB2-DC89-4375-BBB8-C5117A5739AD}.Development|Any CPU.ActiveCfg = Development|Any CPU
		{B3806AB2-DC89-4375-BBB8-C5117A5739AD}.Development|Any CPU.Build.0 = Development|Any CPU
		{B3806AB2-DC89-4375-BBB8-C5117A5739AD}.Development|x64.ActiveCfg = Development|Any CPU
		{B3806AB2-DC89-4375-BBB8-C5117A5739AD}.Development|x64.Build.0 = Development|Any CPU
		{B3806AB2-DC89-4375-BBB8-C5117A5739AD}.Development|x86.ActiveCfg = Development|Any CPU
		{B3806AB2-DC89-4375-BBB8-C5117A5739AD}.Development|x86.Build.0 = Development|Any CPU
		{B3806AB2-DC89-4375-BBB8-C5117A5739AD}.Production|Any CPU.ActiveCfg = Production|Any CPU
		{B3806AB2-DC89-4375-BBB8-C5117A5739AD}.Production|Any CPU.Build.0 = Production|Any CPU
		{B3806AB2-DC89-4375-BBB8-C5117A5739AD}.Production|x64.ActiveCfg = Production|Any CPU
		{B3806AB2-DC89-4375-BBB8-C5117A5739AD}.Production|x64.Build.0 = Production|Any CPU
		{B3806AB2-DC89-4375-BBB8-C5117A5739AD}.Production|x86.ActiveCfg = Production|Any CPU
		{B3806AB2-DC89-4375-BBB8-C5117A5739AD}.Production|x86.Build.0 = Production|Any CPU
		{B3806AB2-DC89-4375-BBB8-C5117A5739AD}.Release|Any CPU.ActiveCfg = Staging|Any CPU
		{B3806AB2-DC89-4375-BBB8-C5117A5739AD}.Release|Any CPU.Build.0 = Staging|Any CPU
		{B3806AB2-DC89-4375-BBB8-C5117A5739AD}.Release|x64.ActiveCfg = Staging|Any CPU
		{B3806AB2-DC89-4375-BBB8-C5117A5739AD}.Release|x64.Build.0 = Staging|Any CPU
		{B3806AB2-DC89-4375-BBB8-C5117A5739AD}.Release|x86.ActiveCfg = Staging|Any CPU
		{B3806AB2-DC89-4375-BBB8-C5117A5739AD}.Release|x86.Build.0 = Staging|Any CPU
		{B3806AB2-DC89-4375-BBB8-C5117A5739AD}.Staging|Any CPU.ActiveCfg = Staging|Any CPU
		{B3806AB2-DC89-4375-BBB8-C5117A5739AD}.Staging|Any CPU.Build.0 = Staging|Any CPU
		{B3806AB2-DC89-4375-BBB8-C5117A5739AD}.Staging|x64.ActiveCfg = Staging|Any CPU
		{B3806AB2-DC89-4375-BBB8-C5117A5739AD}.Staging|x64.Build.0 = Staging|Any CPU
		{B3806AB2-DC89-4375-BBB8-C5117A5739AD}.Staging|x86.ActiveCfg = Staging|Any CPU
		{B3806AB2-DC89-4375-BBB8-C5117A5739AD}.Staging|x86.Build.0 = Staging|Any CPU
		{8E67E826-9176-4A1C-B516-DC4F6526D078}.Debug|Any CPU.ActiveCfg = Development|Any CPU
		{8E67E826-9176-4A1C-B516-DC4F6526D078}.Debug|Any CPU.Build.0 = Development|Any CPU
		{8E67E826-9176-4A1C-B516-DC4F6526D078}.Debug|x64.ActiveCfg = Development|Any CPU
		{8E67E826-9176-4A1C-B516-DC4F6526D078}.Debug|x64.Build.0 = Development|Any CPU
		{8E67E826-9176-4A1C-B516-DC4F6526D078}.Debug|x86.ActiveCfg = Development|Any CPU
		{8E67E826-9176-4A1C-B516-DC4F6526D078}.Debug|x86.Build.0 = Development|Any CPU
		{8E67E826-9176-4A1C-B516-DC4F6526D078}.Development|Any CPU.ActiveCfg = Development|Any CPU
		{8E67E826-9176-4A1C-B516-DC4F6526D078}.Development|Any CPU.Build.0 = Development|Any CPU
		{8E67E826-9176-4A1C-B516-DC4F6526D078}.Development|x64.ActiveCfg = Development|Any CPU
		{8E67E826-9176-4A1C-B516-DC4F6526D078}.Development|x64.Build.0 = Development|Any CPU
		{8E67E826-9176-4A1C-B516-DC4F6526D078}.Development|x86.ActiveCfg = Development|Any CPU
		{8E67E826-9176-4A1C-B516-DC4F6526D078}.Development|x86.Build.0 = Development|Any CPU
		{8E67E826-9176-4A1C-B516-DC4F6526D078}.Production|Any CPU.ActiveCfg = Production|Any CPU
		{8E67E826-9176-4A1C-B516-DC4F6526D078}.Production|Any CPU.Build.0 = Production|Any CPU
		{8E67E826-9176-4A1C-B516-DC4F6526D078}.Production|x64.ActiveCfg = Production|Any CPU
		{8E67E826-9176-4A1C-B516-DC4F6526D078}.Production|x64.Build.0 = Production|Any CPU
		{8E67E826-9176-4A1C-B516-DC4F6526D078}.Production|x86.ActiveCfg = Production|Any CPU
		{8E67E826-9176-4A1C-B516-DC4F6526D078}.Production|x86.Build.0 = Production|Any CPU
		{8E67E826-9176-4A1C-B516-DC4F6526D078}.Release|Any CPU.ActiveCfg = Staging|Any CPU
		{8E67E826-9176-4A1C-B516-DC4F6526D078}.Release|Any CPU.Build.0 = Staging|Any CPU
		{8E67E826-9176-4A1C-B516-DC4F6526D078}.Release|x64.ActiveCfg = Staging|Any CPU
		{8E67E826-9176-4A1C-B516-DC4F6526D078}.Release|x64.Build.0 = Staging|Any CPU
		{8E67E826-9176-4A1C-B516-DC4F6526D078}.Release|x86.ActiveCfg = Staging|Any CPU
		{8E67E826-9176-4A1C-B516-DC4F6526D078}.Release|x86.Build.0 = Staging|Any CPU
		{8E67E826-9176-4A1C-B516-DC4F6526D078}.Staging|Any CPU.ActiveCfg = Staging|Any CPU
		{8E67E826-9176-4A1C-B516-DC4F6526D078}.Staging|Any CPU.Build.0 = Staging|Any CPU
		{8E67E826-9176-4A1C-B516-DC4F6526D078}.Staging|x64.ActiveCfg = Staging|Any CPU
		{8E67E826-9176-4A1C-B516-DC4F6526D078}.Staging|x64.Build.0 = Staging|Any CPU
		{8E67E826-9176-4A1C-B516-DC4F6526D078}.Staging|x86.ActiveCfg = Staging|Any CPU
		{8E67E826-9176-4A1C-B516-DC4F6526D078}.Staging|x86.Build.0 = Staging|Any CPU
	EndGlobalSection
	GlobalSection(SolutionProperties) = preSolution
		HideSolutionNode = FALSE
	EndGlobalSection
	GlobalSection(ExtensibilityGlobals) = postSolution
		SolutionGuid = {353A3029-91B2-4A63-96C1-7FE704504C90}
	EndGlobalSection
	GlobalSection(TeamFoundationVersionControl) = preSolution
		SccNumberOfProjects = 9
		SccEnterpriseProvider = {4CA58AB2-18FA-4F8D-95D4-32DDF27D184C}
		SccTeamFoundationServer = https://darkbond.visualstudio.com/
		SccProjectUniqueName0 = ..\\..\\DarkBond.Common\\DarkBond.Common.csproj
		SccProjectName0 = ../../DarkBond.Common
		SccAuxPath0 = https://darkbond.visualstudio.com
		SccLocalPath0 = ..\\..\\DarkBond.Common
		SccProvider0 = {4CA58AB2-18FA-4F8D-95D4-32DDF27D184C}
		SccProjectUniqueName1 = ..\\..\\DarkBond.ClientModel\\DarkBond.ClientModel.csproj
		SccProjectName1 = ../../DarkBond.ClientModel
		SccAuxPath1 = https://darkbond.visualstudio.com
		SccLocalPath1 = ..\\..\\DarkBond.ClientModel
		SccProvider1 = {4CA58AB2-18FA-4F8D-95D4-32DDF27D184C}
		SccProjectUniqueName2 = ..\\..\\DarkBond.ServiceModel\\DarkBond.ServiceModel.csproj
		SccProjectName2 = ../../DarkBond.ServiceModel
		SccAuxPath2 = https://darkbond.visualstudio.com
		SccLocalPath2 = ..\\..\\DarkBond.ServiceModel
		SccProvider2 = {4CA58AB2-18FA-4F8D-95D4-32DDF27D184C}
		SccProjectUniqueName3 = ..\\DarkBond.LicenseManager.Common\\DarkBond.LicenseManager.Common.csproj
		SccProjectName3 = ../DarkBond.LicenseManager.Common
		SccAuxPath3 = https://darkbond.visualstudio.com
		SccLocalPath3 = ..\\DarkBond.LicenseManager.Common
		SccProvider3 = {4CA58AB2-18FA-4F8D-95D4-32DDF27D184C}
		SccProjectUniqueName4 = ..\\DarkBond.LicenseManager.DataService\\DarkBond.LicenseManager.DataService.csproj
		SccProjectName4 = ../DarkBond.LicenseManager.DataService
		SccAuxPath4 = https://darkbond.visualstudio.com
		SccLocalPath4 = ..\\DarkBond.LicenseManager.DataService
		SccProvider4 = {4CA58AB2-18FA-4F8D-95D4-32DDF27D184C}
		SccProjectUniqueName5 = ..\\DarkBond.LicenseManager.ImportService\\DarkBond.LicenseManager.ImportService.csproj
		SccProjectName5 = ../DarkBond.LicenseManager.ImportService
		SccAuxPath5 = https://darkbond.visualstudio.com
		SccLocalPath5 = ..\\DarkBond.LicenseManager.ImportService
		SccProvider5 = {4CA58AB2-18FA-4F8D-95D4-32DDF27D184C}
		SccProjectUniqueName6 = ..\\DarkBond.LicenseManager.ServerDataModel\\DarkBond.LicenseManager.ServerDataModel.csproj
		SccProjectName6 = ../DarkBond.LicenseManager.ServerDataModel
		SccAuxPath6 = https://darkbond.visualstudio.com
		SccLocalPath6 = ..\\DarkBond.LicenseManager.ServerDataModel
		SccProvider6 = {4CA58AB2-18FA-4F8D-95D4-32DDF27D184C}
		SccProjectUniqueName7 = ..\\DarkBond.LicenseManager.DataModelTests\\DarkBond.LicenseManager.DataModelTests.csproj
		SccProjectName7 = ../DarkBond.LicenseManager.DataModelTests
		SccAuxPath7 = https://darkbond.visualstudio.com
		SccLocalPath7 = ..\\DarkBond.LicenseManager.DataModelTests
		SccProvider7 = {4CA58AB2-18FA-4F8D-95D4-32DDF27D184C}
		SccProjectUniqueName8 = ..\\DarkBond.LicenseManager.PersistentStore\\DarkBond.LicenseManager.PersistentStore.csproj
		SccProjectName8 = ../DarkBond.LicenseManager.PersistentStore
		SccAuxPath8 = https://darkbond.visualstudio.com
		SccLocalPath8 = ..\\DarkBond.LicenseManager.PersistentStore
		SccProvider8 = {4CA58AB2-18FA-4F8D-95D4-32DDF27D184C}
	EndGlobalSection
EndGlobal
