
Microsoft Visual Studio Solution File, Format Version 12.00
# Visual Studio 15
VisualStudioVersion = 15.0.26124.0
MinimumVisualStudioVersion = 15.0.26124.0
Project("{9A19103F-16F7-4668-BE54-9A1E7A4F7556}") = "DarkBond.Common", "..\..\DarkBond.Common\DarkBond.Common.csproj", "{DA345C1A-BB88-40D3-9319-EA6C83364B26}"
EndProject
Project("{FAE04EC0-301F-11D3-BF4B-00C04F79EFBC}") = "Client", "Client\Client.csproj", "{562C6272-2232-47C5-9A94-6846388650B8}"
EndProject
Project("{9A19103F-16F7-4668-BE54-9A1E7A4F7556}") = "DarkBond.SubscriptionManager.Common", "..\DarkBond.SubscriptionManager.Common\DarkBond.SubscriptionManager.Common.csproj", "{91E6BCF9-2AB6-43C8-822B-DFC40620C9F1}"
EndProject
Project("{9A19103F-16F7-4668-BE54-9A1E7A4F7556}") = "DarkBond.SubscriptionManager.ClientDataModel", "..\DarkBond.SubscriptionManager.ClientDataModel\DarkBond.SubscriptionManager.ClientDataModel.csproj", "{2555FE52-3F12-4013-96F7-AC560735BA78}"
EndProject
Project("{9A19103F-16F7-4668-BE54-9A1E7A4F7556}") = "DarkBond.ViewModels", "..\..\DarkBond.ViewModels\DarkBond.ViewModels.csproj", "{0FE46841-4441-4279-BFC0-EEF6092F8CBB}"
EndProject
Project("{FAE04EC0-301F-11D3-BF4B-00C04F79EFBC}") = "DarkBond.SubscriptionManager.Views", "..\DarkBond.SubscriptionManager.Views.UWP\DarkBond.SubscriptionManager.Views.csproj", "{6AC8D0F3-A7EA-454F-A2A6-0CEFF26F356E}"
EndProject
Project("{9A19103F-16F7-4668-BE54-9A1E7A4F7556}") = "DarkBond.SubscriptionManager.Infrastructure", "..\DarkBond.SubscriptionManager.Infrastructure\DarkBond.SubscriptionManager.Infrastructure.csproj", "{8127D0B7-9D27-4F12-BDD4-054B7582DAB4}"
EndProject
Project("{9A19103F-16F7-4668-BE54-9A1E7A4F7556}") = "DarkBond.ServiceModel", "..\..\DarkBond.ServiceModel\DarkBond.ServiceModel.csproj", "{203D91D7-BDE2-4C2E-B399-9FE3AC0ADA48}"
EndProject
Project("{FAE04EC0-301F-11D3-BF4B-00C04F79EFBC}") = "DarkBond.Views", "..\..\DarkBond.Views.UWP\DarkBond.Views.csproj", "{6A922362-7C97-4AD1-BB06-7B2B64528286}"
EndProject
Global
	GlobalSection(SolutionConfigurationPlatforms) = preSolution
		Debug|Any CPU = Debug|Any CPU
		Debug|ARM = Debug|ARM
		Debug|x64 = Debug|x64
		Debug|x86 = Debug|x86
		Development|Any CPU = Development|Any CPU
		Development|ARM = Development|ARM
		Development|x64 = Development|x64
		Development|x86 = Development|x86
		Production|Any CPU = Production|Any CPU
		Production|ARM = Production|ARM
		Production|x64 = Production|x64
		Production|x86 = Production|x86
		Release|Any CPU = Release|Any CPU
		Release|ARM = Release|ARM
		Release|x64 = Release|x64
		Release|x86 = Release|x86
		Staging|Any CPU = Staging|Any CPU
		Staging|ARM = Staging|ARM
		Staging|x64 = Staging|x64
		Staging|x86 = Staging|x86
	EndGlobalSection
	GlobalSection(ProjectConfigurationPlatforms) = postSolution
		{DA345C1A-BB88-40D3-9319-EA6C83364B26}.Debug|Any CPU.ActiveCfg = Development|Any CPU
		{DA345C1A-BB88-40D3-9319-EA6C83364B26}.Debug|Any CPU.Build.0 = Development|Any CPU
		{DA345C1A-BB88-40D3-9319-EA6C83364B26}.Debug|ARM.ActiveCfg = Development|Any CPU
		{DA345C1A-BB88-40D3-9319-EA6C83364B26}.Debug|ARM.Build.0 = Development|Any CPU
		{DA345C1A-BB88-40D3-9319-EA6C83364B26}.Debug|x64.ActiveCfg = Development|Any CPU
		{DA345C1A-BB88-40D3-9319-EA6C83364B26}.Debug|x64.Build.0 = Development|Any CPU
		{DA345C1A-BB88-40D3-9319-EA6C83364B26}.Debug|x86.ActiveCfg = Development|Any CPU
		{DA345C1A-BB88-40D3-9319-EA6C83364B26}.Debug|x86.Build.0 = Development|Any CPU
		{DA345C1A-BB88-40D3-9319-EA6C83364B26}.Development|Any CPU.ActiveCfg = Development|Any CPU
		{DA345C1A-BB88-40D3-9319-EA6C83364B26}.Development|Any CPU.Build.0 = Development|Any CPU
		{DA345C1A-BB88-40D3-9319-EA6C83364B26}.Development|ARM.ActiveCfg = Development|Any CPU
		{DA345C1A-BB88-40D3-9319-EA6C83364B26}.Development|ARM.Build.0 = Development|Any CPU
		{DA345C1A-BB88-40D3-9319-EA6C83364B26}.Development|x64.ActiveCfg = Development|Any CPU
		{DA345C1A-BB88-40D3-9319-EA6C83364B26}.Development|x64.Build.0 = Development|Any CPU
		{DA345C1A-BB88-40D3-9319-EA6C83364B26}.Development|x86.ActiveCfg = Development|Any CPU
		{DA345C1A-BB88-40D3-9319-EA6C83364B26}.Development|x86.Build.0 = Development|Any CPU
		{DA345C1A-BB88-40D3-9319-EA6C83364B26}.Production|Any CPU.ActiveCfg = Development|Any CPU
		{DA345C1A-BB88-40D3-9319-EA6C83364B26}.Production|Any CPU.Build.0 = Development|Any CPU
		{DA345C1A-BB88-40D3-9319-EA6C83364B26}.Production|ARM.ActiveCfg = Development|Any CPU
		{DA345C1A-BB88-40D3-9319-EA6C83364B26}.Production|ARM.Build.0 = Development|Any CPU
		{DA345C1A-BB88-40D3-9319-EA6C83364B26}.Production|x64.ActiveCfg = Development|Any CPU
		{DA345C1A-BB88-40D3-9319-EA6C83364B26}.Production|x64.Build.0 = Development|Any CPU
		{DA345C1A-BB88-40D3-9319-EA6C83364B26}.Production|x86.ActiveCfg = Development|Any CPU
		{DA345C1A-BB88-40D3-9319-EA6C83364B26}.Production|x86.Build.0 = Development|Any CPU
		{DA345C1A-BB88-40D3-9319-EA6C83364B26}.Release|Any CPU.ActiveCfg = Release|Any CPU
		{DA345C1A-BB88-40D3-9319-EA6C83364B26}.Release|Any CPU.Build.0 = Release|Any CPU
		{DA345C1A-BB88-40D3-9319-EA6C83364B26}.Release|ARM.ActiveCfg = Release|Any CPU
		{DA345C1A-BB88-40D3-9319-EA6C83364B26}.Release|ARM.Build.0 = Release|Any CPU
		{DA345C1A-BB88-40D3-9319-EA6C83364B26}.Release|x64.ActiveCfg = Release|Any CPU
		{DA345C1A-BB88-40D3-9319-EA6C83364B26}.Release|x64.Build.0 = Release|Any CPU
		{DA345C1A-BB88-40D3-9319-EA6C83364B26}.Release|x86.ActiveCfg = Release|Any CPU
		{DA345C1A-BB88-40D3-9319-EA6C83364B26}.Release|x86.Build.0 = Release|Any CPU
		{DA345C1A-BB88-40D3-9319-EA6C83364B26}.Staging|Any CPU.ActiveCfg = Development|Any CPU
		{DA345C1A-BB88-40D3-9319-EA6C83364B26}.Staging|Any CPU.Build.0 = Development|Any CPU
		{DA345C1A-BB88-40D3-9319-EA6C83364B26}.Staging|ARM.ActiveCfg = Development|Any CPU
		{DA345C1A-BB88-40D3-9319-EA6C83364B26}.Staging|ARM.Build.0 = Development|Any CPU
		{DA345C1A-BB88-40D3-9319-EA6C83364B26}.Staging|x64.ActiveCfg = Development|Any CPU
		{DA345C1A-BB88-40D3-9319-EA6C83364B26}.Staging|x64.Build.0 = Development|Any CPU
		{DA345C1A-BB88-40D3-9319-EA6C83364B26}.Staging|x86.ActiveCfg = Development|Any CPU
		{DA345C1A-BB88-40D3-9319-EA6C83364B26}.Staging|x86.Build.0 = Development|Any CPU
		{562C6272-2232-47C5-9A94-6846388650B8}.Debug|Any CPU.ActiveCfg = Development|x64
		{562C6272-2232-47C5-9A94-6846388650B8}.Debug|Any CPU.Build.0 = Development|x64
		{562C6272-2232-47C5-9A94-6846388650B8}.Debug|Any CPU.Deploy.0 = Development|x64
		{562C6272-2232-47C5-9A94-6846388650B8}.Debug|ARM.ActiveCfg = Debug|Any CPU
		{562C6272-2232-47C5-9A94-6846388650B8}.Debug|ARM.Build.0 = Debug|Any CPU
		{562C6272-2232-47C5-9A94-6846388650B8}.Debug|ARM.Deploy.0 = Debug|Any CPU
		{562C6272-2232-47C5-9A94-6846388650B8}.Debug|x64.ActiveCfg = Debug|Any CPU
		{562C6272-2232-47C5-9A94-6846388650B8}.Debug|x64.Build.0 = Debug|Any CPU
		{562C6272-2232-47C5-9A94-6846388650B8}.Debug|x64.Deploy.0 = Debug|Any CPU
		{562C6272-2232-47C5-9A94-6846388650B8}.Debug|x86.ActiveCfg = Debug|x86
		{562C6272-2232-47C5-9A94-6846388650B8}.Debug|x86.Build.0 = Debug|x86
		{562C6272-2232-47C5-9A94-6846388650B8}.Debug|x86.Deploy.0 = Debug|x86
		{562C6272-2232-47C5-9A94-6846388650B8}.Development|Any CPU.ActiveCfg = Development|x64
		{562C6272-2232-47C5-9A94-6846388650B8}.Development|Any CPU.Build.0 = Development|x64
		{562C6272-2232-47C5-9A94-6846388650B8}.Development|Any CPU.Deploy.0 = Development|x64
		{562C6272-2232-47C5-9A94-6846388650B8}.Development|ARM.ActiveCfg = Debug|Any CPU
		{562C6272-2232-47C5-9A94-6846388650B8}.Development|ARM.Build.0 = Debug|Any CPU
		{562C6272-2232-47C5-9A94-6846388650B8}.Development|ARM.Deploy.0 = Debug|Any CPU
		{562C6272-2232-47C5-9A94-6846388650B8}.Development|x64.ActiveCfg = Debug|x64
		{562C6272-2232-47C5-9A94-6846388650B8}.Development|x64.Build.0 = Debug|x64
		{562C6272-2232-47C5-9A94-6846388650B8}.Development|x64.Deploy.0 = Debug|x64
		{562C6272-2232-47C5-9A94-6846388650B8}.Development|x86.ActiveCfg = Debug|x86
		{562C6272-2232-47C5-9A94-6846388650B8}.Development|x86.Build.0 = Debug|x86
		{562C6272-2232-47C5-9A94-6846388650B8}.Development|x86.Deploy.0 = Debug|x86
		{562C6272-2232-47C5-9A94-6846388650B8}.Production|Any CPU.ActiveCfg = Release|Any CPU
		{562C6272-2232-47C5-9A94-6846388650B8}.Production|Any CPU.Build.0 = Release|Any CPU
		{562C6272-2232-47C5-9A94-6846388650B8}.Production|Any CPU.Deploy.0 = Release|Any CPU
		{562C6272-2232-47C5-9A94-6846388650B8}.Production|ARM.ActiveCfg = Release|Any CPU
		{562C6272-2232-47C5-9A94-6846388650B8}.Production|ARM.Build.0 = Release|Any CPU
		{562C6272-2232-47C5-9A94-6846388650B8}.Production|ARM.Deploy.0 = Release|Any CPU
		{562C6272-2232-47C5-9A94-6846388650B8}.Production|x64.ActiveCfg = Release|x64
		{562C6272-2232-47C5-9A94-6846388650B8}.Production|x64.Build.0 = Release|x64
		{562C6272-2232-47C5-9A94-6846388650B8}.Production|x64.Deploy.0 = Release|x64
		{562C6272-2232-47C5-9A94-6846388650B8}.Production|x86.ActiveCfg = Release|x86
		{562C6272-2232-47C5-9A94-6846388650B8}.Production|x86.Build.0 = Release|x86
		{562C6272-2232-47C5-9A94-6846388650B8}.Production|x86.Deploy.0 = Release|x86
		{562C6272-2232-47C5-9A94-6846388650B8}.Release|Any CPU.ActiveCfg = Release|x86
		{562C6272-2232-47C5-9A94-6846388650B8}.Release|ARM.ActiveCfg = Release|Any CPU
		{562C6272-2232-47C5-9A94-6846388650B8}.Release|ARM.Build.0 = Release|Any CPU
		{562C6272-2232-47C5-9A94-6846388650B8}.Release|ARM.Deploy.0 = Release|Any CPU
		{562C6272-2232-47C5-9A94-6846388650B8}.Release|x64.ActiveCfg = Release|x64
		{562C6272-2232-47C5-9A94-6846388650B8}.Release|x64.Build.0 = Release|x64
		{562C6272-2232-47C5-9A94-6846388650B8}.Release|x64.Deploy.0 = Release|x64
		{562C6272-2232-47C5-9A94-6846388650B8}.Release|x86.ActiveCfg = Release|x86
		{562C6272-2232-47C5-9A94-6846388650B8}.Release|x86.Build.0 = Release|x86
		{562C6272-2232-47C5-9A94-6846388650B8}.Release|x86.Deploy.0 = Release|x86
		{562C6272-2232-47C5-9A94-6846388650B8}.Staging|Any CPU.ActiveCfg = Release|Any CPU
		{562C6272-2232-47C5-9A94-6846388650B8}.Staging|Any CPU.Build.0 = Release|Any CPU
		{562C6272-2232-47C5-9A94-6846388650B8}.Staging|Any CPU.Deploy.0 = Release|Any CPU
		{562C6272-2232-47C5-9A94-6846388650B8}.Staging|ARM.ActiveCfg = Release|Any CPU
		{562C6272-2232-47C5-9A94-6846388650B8}.Staging|ARM.Build.0 = Release|Any CPU
		{562C6272-2232-47C5-9A94-6846388650B8}.Staging|ARM.Deploy.0 = Release|Any CPU
		{562C6272-2232-47C5-9A94-6846388650B8}.Staging|x64.ActiveCfg = Release|x64
		{562C6272-2232-47C5-9A94-6846388650B8}.Staging|x64.Build.0 = Release|x64
		{562C6272-2232-47C5-9A94-6846388650B8}.Staging|x64.Deploy.0 = Release|x64
		{562C6272-2232-47C5-9A94-6846388650B8}.Staging|x86.ActiveCfg = Release|x86
		{562C6272-2232-47C5-9A94-6846388650B8}.Staging|x86.Build.0 = Release|x86
		{562C6272-2232-47C5-9A94-6846388650B8}.Staging|x86.Deploy.0 = Release|x86
		{91E6BCF9-2AB6-43C8-822B-DFC40620C9F1}.Debug|Any CPU.ActiveCfg = Development|Any CPU
		{91E6BCF9-2AB6-43C8-822B-DFC40620C9F1}.Debug|Any CPU.Build.0 = Development|Any CPU
		{91E6BCF9-2AB6-43C8-822B-DFC40620C9F1}.Debug|ARM.ActiveCfg = Debug|Any CPU
		{91E6BCF9-2AB6-43C8-822B-DFC40620C9F1}.Debug|ARM.Build.0 = Debug|Any CPU
		{91E6BCF9-2AB6-43C8-822B-DFC40620C9F1}.Debug|x64.ActiveCfg = Debug|Any CPU
		{91E6BCF9-2AB6-43C8-822B-DFC40620C9F1}.Debug|x64.Build.0 = Debug|Any CPU
		{91E6BCF9-2AB6-43C8-822B-DFC40620C9F1}.Debug|x86.ActiveCfg = Debug|Any CPU
		{91E6BCF9-2AB6-43C8-822B-DFC40620C9F1}.Debug|x86.Build.0 = Debug|Any CPU
		{91E6BCF9-2AB6-43C8-822B-DFC40620C9F1}.Development|Any CPU.ActiveCfg = Development|Any CPU
		{91E6BCF9-2AB6-43C8-822B-DFC40620C9F1}.Development|Any CPU.Build.0 = Development|Any CPU
		{91E6BCF9-2AB6-43C8-822B-DFC40620C9F1}.Development|ARM.ActiveCfg = Development|Any CPU
		{91E6BCF9-2AB6-43C8-822B-DFC40620C9F1}.Development|ARM.Build.0 = Development|Any CPU
		{91E6BCF9-2AB6-43C8-822B-DFC40620C9F1}.Development|x64.ActiveCfg = Development|Any CPU
		{91E6BCF9-2AB6-43C8-822B-DFC40620C9F1}.Development|x64.Build.0 = Development|Any CPU
		{91E6BCF9-2AB6-43C8-822B-DFC40620C9F1}.Development|x86.ActiveCfg = Development|Any CPU
		{91E6BCF9-2AB6-43C8-822B-DFC40620C9F1}.Development|x86.Build.0 = Development|Any CPU
		{91E6BCF9-2AB6-43C8-822B-DFC40620C9F1}.Production|Any CPU.ActiveCfg = Development|Any CPU
		{91E6BCF9-2AB6-43C8-822B-DFC40620C9F1}.Production|Any CPU.Build.0 = Development|Any CPU
		{91E6BCF9-2AB6-43C8-822B-DFC40620C9F1}.Production|ARM.ActiveCfg = Development|Any CPU
		{91E6BCF9-2AB6-43C8-822B-DFC40620C9F1}.Production|ARM.Build.0 = Development|Any CPU
		{91E6BCF9-2AB6-43C8-822B-DFC40620C9F1}.Production|x64.ActiveCfg = Development|Any CPU
		{91E6BCF9-2AB6-43C8-822B-DFC40620C9F1}.Production|x64.Build.0 = Development|Any CPU
		{91E6BCF9-2AB6-43C8-822B-DFC40620C9F1}.Production|x86.ActiveCfg = Development|Any CPU
		{91E6BCF9-2AB6-43C8-822B-DFC40620C9F1}.Production|x86.Build.0 = Development|Any CPU
		{91E6BCF9-2AB6-43C8-822B-DFC40620C9F1}.Release|Any CPU.ActiveCfg = Release|Any CPU
		{91E6BCF9-2AB6-43C8-822B-DFC40620C9F1}.Release|Any CPU.Build.0 = Release|Any CPU
		{91E6BCF9-2AB6-43C8-822B-DFC40620C9F1}.Release|ARM.ActiveCfg = Release|Any CPU
		{91E6BCF9-2AB6-43C8-822B-DFC40620C9F1}.Release|ARM.Build.0 = Release|Any CPU
		{91E6BCF9-2AB6-43C8-822B-DFC40620C9F1}.Release|x64.ActiveCfg = Release|Any CPU
		{91E6BCF9-2AB6-43C8-822B-DFC40620C9F1}.Release|x64.Build.0 = Release|Any CPU
		{91E6BCF9-2AB6-43C8-822B-DFC40620C9F1}.Release|x86.ActiveCfg = Release|Any CPU
		{91E6BCF9-2AB6-43C8-822B-DFC40620C9F1}.Release|x86.Build.0 = Release|Any CPU
		{91E6BCF9-2AB6-43C8-822B-DFC40620C9F1}.Staging|Any CPU.ActiveCfg = Development|Any CPU
		{91E6BCF9-2AB6-43C8-822B-DFC40620C9F1}.Staging|Any CPU.Build.0 = Development|Any CPU
		{91E6BCF9-2AB6-43C8-822B-DFC40620C9F1}.Staging|ARM.ActiveCfg = Development|Any CPU
		{91E6BCF9-2AB6-43C8-822B-DFC40620C9F1}.Staging|ARM.Build.0 = Development|Any CPU
		{91E6BCF9-2AB6-43C8-822B-DFC40620C9F1}.Staging|x64.ActiveCfg = Development|Any CPU
		{91E6BCF9-2AB6-43C8-822B-DFC40620C9F1}.Staging|x64.Build.0 = Development|Any CPU
		{91E6BCF9-2AB6-43C8-822B-DFC40620C9F1}.Staging|x86.ActiveCfg = Development|Any CPU
		{91E6BCF9-2AB6-43C8-822B-DFC40620C9F1}.Staging|x86.Build.0 = Development|Any CPU
		{2555FE52-3F12-4013-96F7-AC560735BA78}.Debug|Any CPU.ActiveCfg = Development|Any CPU
		{2555FE52-3F12-4013-96F7-AC560735BA78}.Debug|Any CPU.Build.0 = Development|Any CPU
		{2555FE52-3F12-4013-96F7-AC560735BA78}.Debug|ARM.ActiveCfg = Debug|Any CPU
		{2555FE52-3F12-4013-96F7-AC560735BA78}.Debug|ARM.Build.0 = Debug|Any CPU
		{2555FE52-3F12-4013-96F7-AC560735BA78}.Debug|x64.ActiveCfg = Debug|Any CPU
		{2555FE52-3F12-4013-96F7-AC560735BA78}.Debug|x64.Build.0 = Debug|Any CPU
		{2555FE52-3F12-4013-96F7-AC560735BA78}.Debug|x86.ActiveCfg = Debug|Any CPU
		{2555FE52-3F12-4013-96F7-AC560735BA78}.Debug|x86.Build.0 = Debug|Any CPU
		{2555FE52-3F12-4013-96F7-AC560735BA78}.Development|Any CPU.ActiveCfg = Development|Any CPU
		{2555FE52-3F12-4013-96F7-AC560735BA78}.Development|Any CPU.Build.0 = Development|Any CPU
		{2555FE52-3F12-4013-96F7-AC560735BA78}.Development|ARM.ActiveCfg = Debug|Any CPU
		{2555FE52-3F12-4013-96F7-AC560735BA78}.Development|ARM.Build.0 = Debug|Any CPU
		{2555FE52-3F12-4013-96F7-AC560735BA78}.Development|x64.ActiveCfg = Debug|Any CPU
		{2555FE52-3F12-4013-96F7-AC560735BA78}.Development|x64.Build.0 = Debug|Any CPU
		{2555FE52-3F12-4013-96F7-AC560735BA78}.Development|x86.ActiveCfg = Debug|Any CPU
		{2555FE52-3F12-4013-96F7-AC560735BA78}.Development|x86.Build.0 = Debug|Any CPU
		{2555FE52-3F12-4013-96F7-AC560735BA78}.Production|Any CPU.ActiveCfg = Debug|Any CPU
		{2555FE52-3F12-4013-96F7-AC560735BA78}.Production|Any CPU.Build.0 = Debug|Any CPU
		{2555FE52-3F12-4013-96F7-AC560735BA78}.Production|ARM.ActiveCfg = Debug|Any CPU
		{2555FE52-3F12-4013-96F7-AC560735BA78}.Production|ARM.Build.0 = Debug|Any CPU
		{2555FE52-3F12-4013-96F7-AC560735BA78}.Production|x64.ActiveCfg = Debug|Any CPU
		{2555FE52-3F12-4013-96F7-AC560735BA78}.Production|x64.Build.0 = Debug|Any CPU
		{2555FE52-3F12-4013-96F7-AC560735BA78}.Production|x86.ActiveCfg = Debug|Any CPU
		{2555FE52-3F12-4013-96F7-AC560735BA78}.Production|x86.Build.0 = Debug|Any CPU
		{2555FE52-3F12-4013-96F7-AC560735BA78}.Release|Any CPU.ActiveCfg = Release|Any CPU
		{2555FE52-3F12-4013-96F7-AC560735BA78}.Release|Any CPU.Build.0 = Release|Any CPU
		{2555FE52-3F12-4013-96F7-AC560735BA78}.Release|ARM.ActiveCfg = Release|Any CPU
		{2555FE52-3F12-4013-96F7-AC560735BA78}.Release|ARM.Build.0 = Release|Any CPU
		{2555FE52-3F12-4013-96F7-AC560735BA78}.Release|x64.ActiveCfg = Release|Any CPU
		{2555FE52-3F12-4013-96F7-AC560735BA78}.Release|x64.Build.0 = Release|Any CPU
		{2555FE52-3F12-4013-96F7-AC560735BA78}.Release|x86.ActiveCfg = Release|Any CPU
		{2555FE52-3F12-4013-96F7-AC560735BA78}.Release|x86.Build.0 = Release|Any CPU
		{2555FE52-3F12-4013-96F7-AC560735BA78}.Staging|Any CPU.ActiveCfg = Debug|Any CPU
		{2555FE52-3F12-4013-96F7-AC560735BA78}.Staging|Any CPU.Build.0 = Debug|Any CPU
		{2555FE52-3F12-4013-96F7-AC560735BA78}.Staging|ARM.ActiveCfg = Debug|Any CPU
		{2555FE52-3F12-4013-96F7-AC560735BA78}.Staging|ARM.Build.0 = Debug|Any CPU
		{2555FE52-3F12-4013-96F7-AC560735BA78}.Staging|x64.ActiveCfg = Debug|Any CPU
		{2555FE52-3F12-4013-96F7-AC560735BA78}.Staging|x64.Build.0 = Debug|Any CPU
		{2555FE52-3F12-4013-96F7-AC560735BA78}.Staging|x86.ActiveCfg = Debug|Any CPU
		{2555FE52-3F12-4013-96F7-AC560735BA78}.Staging|x86.Build.0 = Debug|Any CPU
		{0FE46841-4441-4279-BFC0-EEF6092F8CBB}.Debug|Any CPU.ActiveCfg = Development|Any CPU
		{0FE46841-4441-4279-BFC0-EEF6092F8CBB}.Debug|Any CPU.Build.0 = Development|Any CPU
		{0FE46841-4441-4279-BFC0-EEF6092F8CBB}.Debug|ARM.ActiveCfg = Debug|Any CPU
		{0FE46841-4441-4279-BFC0-EEF6092F8CBB}.Debug|ARM.Build.0 = Debug|Any CPU
		{0FE46841-4441-4279-BFC0-EEF6092F8CBB}.Debug|x64.ActiveCfg = Debug|Any CPU
		{0FE46841-4441-4279-BFC0-EEF6092F8CBB}.Debug|x64.Build.0 = Debug|Any CPU
		{0FE46841-4441-4279-BFC0-EEF6092F8CBB}.Debug|x86.ActiveCfg = Debug|Any CPU
		{0FE46841-4441-4279-BFC0-EEF6092F8CBB}.Debug|x86.Build.0 = Debug|Any CPU
		{0FE46841-4441-4279-BFC0-EEF6092F8CBB}.Development|Any CPU.ActiveCfg = Development|Any CPU
		{0FE46841-4441-4279-BFC0-EEF6092F8CBB}.Development|Any CPU.Build.0 = Development|Any CPU
		{0FE46841-4441-4279-BFC0-EEF6092F8CBB}.Development|ARM.ActiveCfg = Development|Any CPU
		{0FE46841-4441-4279-BFC0-EEF6092F8CBB}.Development|ARM.Build.0 = Development|Any CPU
		{0FE46841-4441-4279-BFC0-EEF6092F8CBB}.Development|x64.ActiveCfg = Development|Any CPU
		{0FE46841-4441-4279-BFC0-EEF6092F8CBB}.Development|x64.Build.0 = Development|Any CPU
		{0FE46841-4441-4279-BFC0-EEF6092F8CBB}.Development|x86.ActiveCfg = Development|Any CPU
		{0FE46841-4441-4279-BFC0-EEF6092F8CBB}.Development|x86.Build.0 = Development|Any CPU
		{0FE46841-4441-4279-BFC0-EEF6092F8CBB}.Production|Any CPU.ActiveCfg = Development|Any CPU
		{0FE46841-4441-4279-BFC0-EEF6092F8CBB}.Production|Any CPU.Build.0 = Development|Any CPU
		{0FE46841-4441-4279-BFC0-EEF6092F8CBB}.Production|ARM.ActiveCfg = Development|Any CPU
		{0FE46841-4441-4279-BFC0-EEF6092F8CBB}.Production|ARM.Build.0 = Development|Any CPU
		{0FE46841-4441-4279-BFC0-EEF6092F8CBB}.Production|x64.ActiveCfg = Development|Any CPU
		{0FE46841-4441-4279-BFC0-EEF6092F8CBB}.Production|x64.Build.0 = Development|Any CPU
		{0FE46841-4441-4279-BFC0-EEF6092F8CBB}.Production|x86.ActiveCfg = Development|Any CPU
		{0FE46841-4441-4279-BFC0-EEF6092F8CBB}.Production|x86.Build.0 = Development|Any CPU
		{0FE46841-4441-4279-BFC0-EEF6092F8CBB}.Release|Any CPU.ActiveCfg = Release|Any CPU
		{0FE46841-4441-4279-BFC0-EEF6092F8CBB}.Release|Any CPU.Build.0 = Release|Any CPU
		{0FE46841-4441-4279-BFC0-EEF6092F8CBB}.Release|ARM.ActiveCfg = Release|Any CPU
		{0FE46841-4441-4279-BFC0-EEF6092F8CBB}.Release|ARM.Build.0 = Release|Any CPU
		{0FE46841-4441-4279-BFC0-EEF6092F8CBB}.Release|x64.ActiveCfg = Release|Any CPU
		{0FE46841-4441-4279-BFC0-EEF6092F8CBB}.Release|x64.Build.0 = Release|Any CPU
		{0FE46841-4441-4279-BFC0-EEF6092F8CBB}.Release|x86.ActiveCfg = Release|Any CPU
		{0FE46841-4441-4279-BFC0-EEF6092F8CBB}.Release|x86.Build.0 = Release|Any CPU
		{0FE46841-4441-4279-BFC0-EEF6092F8CBB}.Staging|Any CPU.ActiveCfg = Development|Any CPU
		{0FE46841-4441-4279-BFC0-EEF6092F8CBB}.Staging|Any CPU.Build.0 = Development|Any CPU
		{0FE46841-4441-4279-BFC0-EEF6092F8CBB}.Staging|ARM.ActiveCfg = Development|Any CPU
		{0FE46841-4441-4279-BFC0-EEF6092F8CBB}.Staging|ARM.Build.0 = Development|Any CPU
		{0FE46841-4441-4279-BFC0-EEF6092F8CBB}.Staging|x64.ActiveCfg = Development|Any CPU
		{0FE46841-4441-4279-BFC0-EEF6092F8CBB}.Staging|x64.Build.0 = Development|Any CPU
		{0FE46841-4441-4279-BFC0-EEF6092F8CBB}.Staging|x86.ActiveCfg = Development|Any CPU
		{0FE46841-4441-4279-BFC0-EEF6092F8CBB}.Staging|x86.Build.0 = Development|Any CPU
		{6AC8D0F3-A7EA-454F-A2A6-0CEFF26F356E}.Debug|Any CPU.ActiveCfg = Development|Any CPU
		{6AC8D0F3-A7EA-454F-A2A6-0CEFF26F356E}.Debug|Any CPU.Build.0 = Development|Any CPU
		{6AC8D0F3-A7EA-454F-A2A6-0CEFF26F356E}.Debug|ARM.ActiveCfg = Debug|ARM
		{6AC8D0F3-A7EA-454F-A2A6-0CEFF26F356E}.Debug|ARM.Build.0 = Debug|ARM
		{6AC8D0F3-A7EA-454F-A2A6-0CEFF26F356E}.Debug|x64.ActiveCfg = Debug|x64
		{6AC8D0F3-A7EA-454F-A2A6-0CEFF26F356E}.Debug|x64.Build.0 = Debug|x64
		{6AC8D0F3-A7EA-454F-A2A6-0CEFF26F356E}.Debug|x86.ActiveCfg = Debug|x86
		{6AC8D0F3-A7EA-454F-A2A6-0CEFF26F356E}.Debug|x86.Build.0 = Debug|x86
		{6AC8D0F3-A7EA-454F-A2A6-0CEFF26F356E}.Development|Any CPU.ActiveCfg = Development|Any CPU
		{6AC8D0F3-A7EA-454F-A2A6-0CEFF26F356E}.Development|Any CPU.Build.0 = Development|Any CPU
		{6AC8D0F3-A7EA-454F-A2A6-0CEFF26F356E}.Development|ARM.ActiveCfg = Debug|ARM
		{6AC8D0F3-A7EA-454F-A2A6-0CEFF26F356E}.Development|ARM.Build.0 = Debug|ARM
		{6AC8D0F3-A7EA-454F-A2A6-0CEFF26F356E}.Development|x64.ActiveCfg = Debug|x64
		{6AC8D0F3-A7EA-454F-A2A6-0CEFF26F356E}.Development|x64.Build.0 = Debug|x64
		{6AC8D0F3-A7EA-454F-A2A6-0CEFF26F356E}.Development|x86.ActiveCfg = Debug|x86
		{6AC8D0F3-A7EA-454F-A2A6-0CEFF26F356E}.Development|x86.Build.0 = Debug|x86
		{6AC8D0F3-A7EA-454F-A2A6-0CEFF26F356E}.Production|Any CPU.ActiveCfg = Release|Any CPU
		{6AC8D0F3-A7EA-454F-A2A6-0CEFF26F356E}.Production|Any CPU.Build.0 = Release|Any CPU
		{6AC8D0F3-A7EA-454F-A2A6-0CEFF26F356E}.Production|ARM.ActiveCfg = Release|ARM
		{6AC8D0F3-A7EA-454F-A2A6-0CEFF26F356E}.Production|ARM.Build.0 = Release|ARM
		{6AC8D0F3-A7EA-454F-A2A6-0CEFF26F356E}.Production|x64.ActiveCfg = Release|x64
		{6AC8D0F3-A7EA-454F-A2A6-0CEFF26F356E}.Production|x64.Build.0 = Release|x64
		{6AC8D0F3-A7EA-454F-A2A6-0CEFF26F356E}.Production|x86.ActiveCfg = Release|x86
		{6AC8D0F3-A7EA-454F-A2A6-0CEFF26F356E}.Production|x86.Build.0 = Release|x86
		{6AC8D0F3-A7EA-454F-A2A6-0CEFF26F356E}.Release|Any CPU.ActiveCfg = Release|Any CPU
		{6AC8D0F3-A7EA-454F-A2A6-0CEFF26F356E}.Release|Any CPU.Build.0 = Release|Any CPU
		{6AC8D0F3-A7EA-454F-A2A6-0CEFF26F356E}.Release|ARM.ActiveCfg = Release|ARM
		{6AC8D0F3-A7EA-454F-A2A6-0CEFF26F356E}.Release|ARM.Build.0 = Release|ARM
		{6AC8D0F3-A7EA-454F-A2A6-0CEFF26F356E}.Release|x64.ActiveCfg = Release|x64
		{6AC8D0F3-A7EA-454F-A2A6-0CEFF26F356E}.Release|x64.Build.0 = Release|x64
		{6AC8D0F3-A7EA-454F-A2A6-0CEFF26F356E}.Release|x86.ActiveCfg = Release|x86
		{6AC8D0F3-A7EA-454F-A2A6-0CEFF26F356E}.Release|x86.Build.0 = Release|x86
		{6AC8D0F3-A7EA-454F-A2A6-0CEFF26F356E}.Staging|Any CPU.ActiveCfg = Release|Any CPU
		{6AC8D0F3-A7EA-454F-A2A6-0CEFF26F356E}.Staging|Any CPU.Build.0 = Release|Any CPU
		{6AC8D0F3-A7EA-454F-A2A6-0CEFF26F356E}.Staging|ARM.ActiveCfg = Release|ARM
		{6AC8D0F3-A7EA-454F-A2A6-0CEFF26F356E}.Staging|ARM.Build.0 = Release|ARM
		{6AC8D0F3-A7EA-454F-A2A6-0CEFF26F356E}.Staging|x64.ActiveCfg = Release|x64
		{6AC8D0F3-A7EA-454F-A2A6-0CEFF26F356E}.Staging|x64.Build.0 = Release|x64
		{6AC8D0F3-A7EA-454F-A2A6-0CEFF26F356E}.Staging|x86.ActiveCfg = Release|x86
		{6AC8D0F3-A7EA-454F-A2A6-0CEFF26F356E}.Staging|x86.Build.0 = Release|x86
		{8127D0B7-9D27-4F12-BDD4-054B7582DAB4}.Debug|Any CPU.ActiveCfg = Development|Any CPU
		{8127D0B7-9D27-4F12-BDD4-054B7582DAB4}.Debug|Any CPU.Build.0 = Development|Any CPU
		{8127D0B7-9D27-4F12-BDD4-054B7582DAB4}.Debug|ARM.ActiveCfg = Debug|Any CPU
		{8127D0B7-9D27-4F12-BDD4-054B7582DAB4}.Debug|ARM.Build.0 = Debug|Any CPU
		{8127D0B7-9D27-4F12-BDD4-054B7582DAB4}.Debug|x64.ActiveCfg = Debug|Any CPU
		{8127D0B7-9D27-4F12-BDD4-054B7582DAB4}.Debug|x64.Build.0 = Debug|Any CPU
		{8127D0B7-9D27-4F12-BDD4-054B7582DAB4}.Debug|x86.ActiveCfg = Debug|Any CPU
		{8127D0B7-9D27-4F12-BDD4-054B7582DAB4}.Debug|x86.Build.0 = Debug|Any CPU
		{8127D0B7-9D27-4F12-BDD4-054B7582DAB4}.Development|Any CPU.ActiveCfg = Development|Any CPU
		{8127D0B7-9D27-4F12-BDD4-054B7582DAB4}.Development|Any CPU.Build.0 = Development|Any CPU
		{8127D0B7-9D27-4F12-BDD4-054B7582DAB4}.Development|ARM.ActiveCfg = Debug|Any CPU
		{8127D0B7-9D27-4F12-BDD4-054B7582DAB4}.Development|ARM.Build.0 = Debug|Any CPU
		{8127D0B7-9D27-4F12-BDD4-054B7582DAB4}.Development|x64.ActiveCfg = Debug|Any CPU
		{8127D0B7-9D27-4F12-BDD4-054B7582DAB4}.Development|x64.Build.0 = Debug|Any CPU
		{8127D0B7-9D27-4F12-BDD4-054B7582DAB4}.Development|x86.ActiveCfg = Debug|Any CPU
		{8127D0B7-9D27-4F12-BDD4-054B7582DAB4}.Development|x86.Build.0 = Debug|Any CPU
		{8127D0B7-9D27-4F12-BDD4-054B7582DAB4}.Production|Any CPU.ActiveCfg = Debug|Any CPU
		{8127D0B7-9D27-4F12-BDD4-054B7582DAB4}.Production|Any CPU.Build.0 = Debug|Any CPU
		{8127D0B7-9D27-4F12-BDD4-054B7582DAB4}.Production|ARM.ActiveCfg = Debug|Any CPU
		{8127D0B7-9D27-4F12-BDD4-054B7582DAB4}.Production|ARM.Build.0 = Debug|Any CPU
		{8127D0B7-9D27-4F12-BDD4-054B7582DAB4}.Production|x64.ActiveCfg = Debug|Any CPU
		{8127D0B7-9D27-4F12-BDD4-054B7582DAB4}.Production|x64.Build.0 = Debug|Any CPU
		{8127D0B7-9D27-4F12-BDD4-054B7582DAB4}.Production|x86.ActiveCfg = Debug|Any CPU
		{8127D0B7-9D27-4F12-BDD4-054B7582DAB4}.Production|x86.Build.0 = Debug|Any CPU
		{8127D0B7-9D27-4F12-BDD4-054B7582DAB4}.Release|Any CPU.ActiveCfg = Release|Any CPU
		{8127D0B7-9D27-4F12-BDD4-054B7582DAB4}.Release|Any CPU.Build.0 = Release|Any CPU
		{8127D0B7-9D27-4F12-BDD4-054B7582DAB4}.Release|ARM.ActiveCfg = Release|Any CPU
		{8127D0B7-9D27-4F12-BDD4-054B7582DAB4}.Release|ARM.Build.0 = Release|Any CPU
		{8127D0B7-9D27-4F12-BDD4-054B7582DAB4}.Release|x64.ActiveCfg = Release|Any CPU
		{8127D0B7-9D27-4F12-BDD4-054B7582DAB4}.Release|x64.Build.0 = Release|Any CPU
		{8127D0B7-9D27-4F12-BDD4-054B7582DAB4}.Release|x86.ActiveCfg = Release|Any CPU
		{8127D0B7-9D27-4F12-BDD4-054B7582DAB4}.Release|x86.Build.0 = Release|Any CPU
		{8127D0B7-9D27-4F12-BDD4-054B7582DAB4}.Staging|Any CPU.ActiveCfg = Debug|Any CPU
		{8127D0B7-9D27-4F12-BDD4-054B7582DAB4}.Staging|Any CPU.Build.0 = Debug|Any CPU
		{8127D0B7-9D27-4F12-BDD4-054B7582DAB4}.Staging|ARM.ActiveCfg = Debug|Any CPU
		{8127D0B7-9D27-4F12-BDD4-054B7582DAB4}.Staging|ARM.Build.0 = Debug|Any CPU
		{8127D0B7-9D27-4F12-BDD4-054B7582DAB4}.Staging|x64.ActiveCfg = Debug|Any CPU
		{8127D0B7-9D27-4F12-BDD4-054B7582DAB4}.Staging|x64.Build.0 = Debug|Any CPU
		{8127D0B7-9D27-4F12-BDD4-054B7582DAB4}.Staging|x86.ActiveCfg = Debug|Any CPU
		{8127D0B7-9D27-4F12-BDD4-054B7582DAB4}.Staging|x86.Build.0 = Debug|Any CPU
		{203D91D7-BDE2-4C2E-B399-9FE3AC0ADA48}.Debug|Any CPU.ActiveCfg = Debug|Any CPU
		{203D91D7-BDE2-4C2E-B399-9FE3AC0ADA48}.Debug|Any CPU.Build.0 = Debug|Any CPU
		{203D91D7-BDE2-4C2E-B399-9FE3AC0ADA48}.Debug|ARM.ActiveCfg = Debug|Any CPU
		{203D91D7-BDE2-4C2E-B399-9FE3AC0ADA48}.Debug|ARM.Build.0 = Debug|Any CPU
		{203D91D7-BDE2-4C2E-B399-9FE3AC0ADA48}.Debug|x64.ActiveCfg = Debug|Any CPU
		{203D91D7-BDE2-4C2E-B399-9FE3AC0ADA48}.Debug|x64.Build.0 = Debug|Any CPU
		{203D91D7-BDE2-4C2E-B399-9FE3AC0ADA48}.Debug|x86.ActiveCfg = Debug|Any CPU
		{203D91D7-BDE2-4C2E-B399-9FE3AC0ADA48}.Debug|x86.Build.0 = Debug|Any CPU
		{203D91D7-BDE2-4C2E-B399-9FE3AC0ADA48}.Development|Any CPU.ActiveCfg = Development|Any CPU
		{203D91D7-BDE2-4C2E-B399-9FE3AC0ADA48}.Development|Any CPU.Build.0 = Development|Any CPU
		{203D91D7-BDE2-4C2E-B399-9FE3AC0ADA48}.Development|ARM.ActiveCfg = Development|Any CPU
		{203D91D7-BDE2-4C2E-B399-9FE3AC0ADA48}.Development|ARM.Build.0 = Development|Any CPU
		{203D91D7-BDE2-4C2E-B399-9FE3AC0ADA48}.Development|x64.ActiveCfg = Development|Any CPU
		{203D91D7-BDE2-4C2E-B399-9FE3AC0ADA48}.Development|x64.Build.0 = Development|Any CPU
		{203D91D7-BDE2-4C2E-B399-9FE3AC0ADA48}.Development|x86.ActiveCfg = Development|Any CPU
		{203D91D7-BDE2-4C2E-B399-9FE3AC0ADA48}.Development|x86.Build.0 = Development|Any CPU
		{203D91D7-BDE2-4C2E-B399-9FE3AC0ADA48}.Production|Any CPU.ActiveCfg = Development|Any CPU
		{203D91D7-BDE2-4C2E-B399-9FE3AC0ADA48}.Production|Any CPU.Build.0 = Development|Any CPU
		{203D91D7-BDE2-4C2E-B399-9FE3AC0ADA48}.Production|ARM.ActiveCfg = Development|Any CPU
		{203D91D7-BDE2-4C2E-B399-9FE3AC0ADA48}.Production|ARM.Build.0 = Development|Any CPU
		{203D91D7-BDE2-4C2E-B399-9FE3AC0ADA48}.Production|x64.ActiveCfg = Development|Any CPU
		{203D91D7-BDE2-4C2E-B399-9FE3AC0ADA48}.Production|x64.Build.0 = Development|Any CPU
		{203D91D7-BDE2-4C2E-B399-9FE3AC0ADA48}.Production|x86.ActiveCfg = Development|Any CPU
		{203D91D7-BDE2-4C2E-B399-9FE3AC0ADA48}.Production|x86.Build.0 = Development|Any CPU
		{203D91D7-BDE2-4C2E-B399-9FE3AC0ADA48}.Release|Any CPU.ActiveCfg = Release|Any CPU
		{203D91D7-BDE2-4C2E-B399-9FE3AC0ADA48}.Release|Any CPU.Build.0 = Release|Any CPU
		{203D91D7-BDE2-4C2E-B399-9FE3AC0ADA48}.Release|ARM.ActiveCfg = Release|Any CPU
		{203D91D7-BDE2-4C2E-B399-9FE3AC0ADA48}.Release|ARM.Build.0 = Release|Any CPU
		{203D91D7-BDE2-4C2E-B399-9FE3AC0ADA48}.Release|x64.ActiveCfg = Release|Any CPU
		{203D91D7-BDE2-4C2E-B399-9FE3AC0ADA48}.Release|x64.Build.0 = Release|Any CPU
		{203D91D7-BDE2-4C2E-B399-9FE3AC0ADA48}.Release|x86.ActiveCfg = Release|Any CPU
		{203D91D7-BDE2-4C2E-B399-9FE3AC0ADA48}.Release|x86.Build.0 = Release|Any CPU
		{203D91D7-BDE2-4C2E-B399-9FE3AC0ADA48}.Staging|Any CPU.ActiveCfg = Development|Any CPU
		{203D91D7-BDE2-4C2E-B399-9FE3AC0ADA48}.Staging|Any CPU.Build.0 = Development|Any CPU
		{203D91D7-BDE2-4C2E-B399-9FE3AC0ADA48}.Staging|ARM.ActiveCfg = Development|Any CPU
		{203D91D7-BDE2-4C2E-B399-9FE3AC0ADA48}.Staging|ARM.Build.0 = Development|Any CPU
		{203D91D7-BDE2-4C2E-B399-9FE3AC0ADA48}.Staging|x64.ActiveCfg = Development|Any CPU
		{203D91D7-BDE2-4C2E-B399-9FE3AC0ADA48}.Staging|x64.Build.0 = Development|Any CPU
		{203D91D7-BDE2-4C2E-B399-9FE3AC0ADA48}.Staging|x86.ActiveCfg = Development|Any CPU
		{203D91D7-BDE2-4C2E-B399-9FE3AC0ADA48}.Staging|x86.Build.0 = Development|Any CPU
		{6A922362-7C97-4AD1-BB06-7B2B64528286}.Debug|Any CPU.ActiveCfg = Debug|Any CPU
		{6A922362-7C97-4AD1-BB06-7B2B64528286}.Debug|Any CPU.Build.0 = Debug|Any CPU
		{6A922362-7C97-4AD1-BB06-7B2B64528286}.Debug|ARM.ActiveCfg = Debug|ARM
		{6A922362-7C97-4AD1-BB06-7B2B64528286}.Debug|ARM.Build.0 = Debug|ARM
		{6A922362-7C97-4AD1-BB06-7B2B64528286}.Debug|x64.ActiveCfg = Debug|x64
		{6A922362-7C97-4AD1-BB06-7B2B64528286}.Debug|x64.Build.0 = Debug|x64
		{6A922362-7C97-4AD1-BB06-7B2B64528286}.Debug|x86.ActiveCfg = Debug|x86
		{6A922362-7C97-4AD1-BB06-7B2B64528286}.Debug|x86.Build.0 = Debug|x86
		{6A922362-7C97-4AD1-BB06-7B2B64528286}.Development|Any CPU.ActiveCfg = Development|Any CPU
		{6A922362-7C97-4AD1-BB06-7B2B64528286}.Development|Any CPU.Build.0 = Development|Any CPU
		{6A922362-7C97-4AD1-BB06-7B2B64528286}.Development|ARM.ActiveCfg = Debug|ARM
		{6A922362-7C97-4AD1-BB06-7B2B64528286}.Development|ARM.Build.0 = Debug|ARM
		{6A922362-7C97-4AD1-BB06-7B2B64528286}.Development|x64.ActiveCfg = Debug|x64
		{6A922362-7C97-4AD1-BB06-7B2B64528286}.Development|x64.Build.0 = Debug|x64
		{6A922362-7C97-4AD1-BB06-7B2B64528286}.Development|x86.ActiveCfg = Debug|x86
		{6A922362-7C97-4AD1-BB06-7B2B64528286}.Development|x86.Build.0 = Debug|x86
		{6A922362-7C97-4AD1-BB06-7B2B64528286}.Production|Any CPU.ActiveCfg = Release|Any CPU
		{6A922362-7C97-4AD1-BB06-7B2B64528286}.Production|Any CPU.Build.0 = Release|Any CPU
		{6A922362-7C97-4AD1-BB06-7B2B64528286}.Production|ARM.ActiveCfg = Release|ARM
		{6A922362-7C97-4AD1-BB06-7B2B64528286}.Production|ARM.Build.0 = Release|ARM
		{6A922362-7C97-4AD1-BB06-7B2B64528286}.Production|x64.ActiveCfg = Release|x64
		{6A922362-7C97-4AD1-BB06-7B2B64528286}.Production|x64.Build.0 = Release|x64
		{6A922362-7C97-4AD1-BB06-7B2B64528286}.Production|x86.ActiveCfg = Release|x86
		{6A922362-7C97-4AD1-BB06-7B2B64528286}.Production|x86.Build.0 = Release|x86
		{6A922362-7C97-4AD1-BB06-7B2B64528286}.Release|Any CPU.ActiveCfg = Release|Any CPU
		{6A922362-7C97-4AD1-BB06-7B2B64528286}.Release|Any CPU.Build.0 = Release|Any CPU
		{6A922362-7C97-4AD1-BB06-7B2B64528286}.Release|ARM.ActiveCfg = Release|ARM
		{6A922362-7C97-4AD1-BB06-7B2B64528286}.Release|ARM.Build.0 = Release|ARM
		{6A922362-7C97-4AD1-BB06-7B2B64528286}.Release|x64.ActiveCfg = Release|x64
		{6A922362-7C97-4AD1-BB06-7B2B64528286}.Release|x64.Build.0 = Release|x64
		{6A922362-7C97-4AD1-BB06-7B2B64528286}.Release|x86.ActiveCfg = Release|x86
		{6A922362-7C97-4AD1-BB06-7B2B64528286}.Release|x86.Build.0 = Release|x86
		{6A922362-7C97-4AD1-BB06-7B2B64528286}.Staging|Any CPU.ActiveCfg = Release|Any CPU
		{6A922362-7C97-4AD1-BB06-7B2B64528286}.Staging|Any CPU.Build.0 = Release|Any CPU
		{6A922362-7C97-4AD1-BB06-7B2B64528286}.Staging|ARM.ActiveCfg = Release|ARM
		{6A922362-7C97-4AD1-BB06-7B2B64528286}.Staging|ARM.Build.0 = Release|ARM
		{6A922362-7C97-4AD1-BB06-7B2B64528286}.Staging|x64.ActiveCfg = Release|x64
		{6A922362-7C97-4AD1-BB06-7B2B64528286}.Staging|x64.Build.0 = Release|x64
		{6A922362-7C97-4AD1-BB06-7B2B64528286}.Staging|x86.ActiveCfg = Release|x86
		{6A922362-7C97-4AD1-BB06-7B2B64528286}.Staging|x86.Build.0 = Release|x86
	EndGlobalSection
	GlobalSection(SolutionProperties) = preSolution
		HideSolutionNode = FALSE
	EndGlobalSection
	GlobalSection(ExtensibilityGlobals) = postSolution
		SolutionGuid = {043AD462-9BF7-4D66-A69F-D381E4BA8919}
	EndGlobalSection
	GlobalSection(TeamFoundationVersionControl) = preSolution
		SccNumberOfProjects = 4
		SccEnterpriseProvider = {4CA58AB2-18FA-4F8D-95D4-32DDF27D184C}
		SccTeamFoundationServer = https://darkbond.visualstudio.com/
		SccProjectUniqueName0 = ..\\..\\DarkBond.Common\\DarkBond.Common.csproj
		SccProjectName0 = ../../DarkBond.Common
		SccAuxPath0 = https://darkbond.visualstudio.com
		SccLocalPath0 = ..\\..\\DarkBond.Common
		SccProvider0 = {4CA58AB2-18FA-4F8D-95D4-32DDF27D184C}
		SccProjectUniqueName1 = ..\\DarkBond.SubscriptionManager.Common\\DarkBond.SubscriptionManager.Common.csproj
		SccProjectName1 = ../DarkBond.SubscriptionManager.Common
		SccAuxPath1 = https://darkbond.visualstudio.com
		SccLocalPath1 = ..\\DarkBond.SubscriptionManager.Common
		SccProvider1 = {4CA58AB2-18FA-4F8D-95D4-32DDF27D184C}
		SccProjectUniqueName2 = ..\\..\\DarkBond.ViewModels\\DarkBond.ViewModels.csproj
		SccProjectName2 = ../../DarkBond.ViewModels
		SccAuxPath2 = https://darkbond.visualstudio.com
		SccLocalPath2 = ..\\..\\DarkBond.ViewModels
		SccProvider2 = {4CA58AB2-18FA-4F8D-95D4-32DDF27D184C}
		SccProjectUniqueName3 = ..\\..\\DarkBond.ServiceModel\\DarkBond.ServiceModel.csproj
		SccProjectName3 = ../../DarkBond.ServiceModel
		SccAuxPath3 = https://darkbond.visualstudio.com
		SccLocalPath3 = ..\\..\\DarkBond.ServiceModel
		SccProvider3 = {4CA58AB2-18FA-4F8D-95D4-32DDF27D184C}
	EndGlobalSection
EndGlobal
